// !$*UTF8*$!
{
	archiveVersion = 1;
	classes = {
	};
	objectVersion = 46;
	objects = {

/* Begin PBXBuildFile section */
		7E09C54114C7B93400CE7E9F /* TurnWarning.m in Sources */ = {isa = PBXBuildFile; fileRef = 7E09C54014C7B93400CE7E9F /* TurnWarning.m */; };
		7E09C54814C8BA8D00CE7E9F /* minefields.png in Resources */ = {isa = PBXBuildFile; fileRef = 7E09C54714C8BA8D00CE7E9F /* minefields.png */; };
		7E09C54A14C8BB3B00CE7E9F /* cmd.png in Resources */ = {isa = PBXBuildFile; fileRef = 7E09C54914C8BB3B00CE7E9F /* cmd.png */; };
		7E1518BF14A3F15B00BAB34E /* CaptainDashboard.xib in Resources */ = {isa = PBXBuildFile; fileRef = 7E1518BE14A3F15B00BAB34E /* CaptainDashboard.xib */; };
		7E15E64014B518A500650246 /* NuMappableEntityLayer.m in Sources */ = {isa = PBXBuildFile; fileRef = 7E15E63F14B518A500650246 /* NuMappableEntityLayer.m */; };
		7E15E64214B7BC8F00650246 /* QuartzCore.framework in Frameworks */ = {isa = PBXBuildFile; fileRef = 7E15E64114B7BC8F00650246 /* QuartzCore.framework */; };
		7E20647E14C54D9100E7A484 /* TurnWarningWindowController.m in Sources */ = {isa = PBXBuildFile; fileRef = 7E20647D14C54D9100E7A484 /* TurnWarningWindowController.m */; };
		7E20648014C54DB100E7A484 /* TurnWarningWindow.xib in Resources */ = {isa = PBXBuildFile; fileRef = 7E20647F14C54DB100E7A484 /* TurnWarningWindow.xib */; };
		7E2908CF14ABC66A00B11972 /* StarMapController.m in Sources */ = {isa = PBXBuildFile; fileRef = 7E2908CE14ABC66A00B11972 /* StarMapController.m */; };
		7E2908D414ACFF9E00B11972 /* NuIonStormLayer.m in Sources */ = {isa = PBXBuildFile; fileRef = 7E2908D314ACFF9D00B11972 /* NuIonStormLayer.m */; };
		7E2908D714AD299E00B11972 /* NuPlanetLayer.m in Sources */ = {isa = PBXBuildFile; fileRef = 7E2908D614AD299E00B11972 /* NuPlanetLayer.m */; };
		7E2908DC14AD605000B11972 /* NuShipLayer.m in Sources */ = {isa = PBXBuildFile; fileRef = 7E2908DB14AD604F00B11972 /* NuShipLayer.m */; };
		7E2C05EA14FEE9ED00A51D5F /* NuScore+DeltaDisplay.m in Sources */ = {isa = PBXBuildFile; fileRef = 7E2C05E914FEE9ED00A51D5F /* NuScore+DeltaDisplay.m */; };
		7E38629514BBF5A800747D17 /* MapMuxPopover.xib in Resources */ = {isa = PBXBuildFile; fileRef = 7E38629414BBF5A800747D17 /* MapMuxPopover.xib */; };
		7E38629814BBF5CC00747D17 /* MapMuxPopoverController.m in Sources */ = {isa = PBXBuildFile; fileRef = 7E38629714BBF5CC00747D17 /* MapMuxPopoverController.m */; };
		7E38629C14BCF16200747D17 /* planet.png in Resources */ = {isa = PBXBuildFile; fileRef = 7E38629A14BCF16200747D17 /* planet.png */; };
		7E38629D14BCF16200747D17 /* ship.png in Resources */ = {isa = PBXBuildFile; fileRef = 7E38629B14BCF16200747D17 /* ship.png */; };
		7E3862A114BCF35000747D17 /* connection.png in Resources */ = {isa = PBXBuildFile; fileRef = 7E38629E14BCF35000747D17 /* connection.png */; };
		7E3862A214BCF35000747D17 /* scanvisibility.png in Resources */ = {isa = PBXBuildFile; fileRef = 7E38629F14BCF35000747D17 /* scanvisibility.png */; };
		7E3862A314BCF35000747D17 /* storm.png in Resources */ = {isa = PBXBuildFile; fileRef = 7E3862A014BCF35000747D17 /* storm.png */; };
		7E3862A614BCF4E400747D17 /* MuxCellView.m in Sources */ = {isa = PBXBuildFile; fileRef = 7E3862A514BCF4E400747D17 /* MuxCellView.m */; };
		7E4BFB1C14A5337C00E29659 /* GameListRequestTest.m in Sources */ = {isa = PBXBuildFile; fileRef = 7E4BFB1B14A5337C00E29659 /* GameListRequestTest.m */; };
		7E698F7A14BF601A008B0F95 /* MessagesWindowController.m in Sources */ = {isa = PBXBuildFile; fileRef = 7E698F7914BF601A008B0F95 /* MessagesWindowController.m */; };
		7E698F7C14BF6032008B0F95 /* MessagesWindow.xib in Resources */ = {isa = PBXBuildFile; fileRef = 7E698F7B14BF6032008B0F95 /* MessagesWindow.xib */; };
		7E698F8414BFDDDF008B0F95 /* MessageList.m in Sources */ = {isa = PBXBuildFile; fileRef = 7E698F8314BFDDDF008B0F95 /* MessageList.m */; };
		7E698F8614C0E1A9008B0F95 /* WebKit.framework in Frameworks */ = {isa = PBXBuildFile; fileRef = 7E698F8514C0E1A9008B0F95 /* WebKit.framework */; };
		7E6995C314BD0B3C007FDFD3 /* PlanuKit.framework in Frameworks */ = {isa = PBXBuildFile; fileRef = 7EB9CC5014ABB4DA00A6ECB3 /* PlanuKit.framework */; };
		7E6995C414BD0B94007FDFD3 /* PlanuKit.framework in CopyFiles */ = {isa = PBXBuildFile; fileRef = 7EB9CC5014ABB4DA00A6ECB3 /* PlanuKit.framework */; };
		7E8644C414A5A8C50002986F /* StarMapView.m in Sources */ = {isa = PBXBuildFile; fileRef = 7E8644C314A5A8C50002986F /* StarMapView.m */; };
		7E8644CE14A6D5F70002986F /* PlanetPopoverController.m in Sources */ = {isa = PBXBuildFile; fileRef = 7E8644CC14A6D5F70002986F /* PlanetPopoverController.m */; };
		7E8644D114A6D6A20002986F /* PlanetPopover.xib in Resources */ = {isa = PBXBuildFile; fileRef = 7E8644D014A6D6A20002986F /* PlanetPopover.xib */; };
		7E86FDC714C4D5AC0062C0C2 /* NuShip+WeaponDisplay.m in Sources */ = {isa = PBXBuildFile; fileRef = 7E86FDC614C4D5AC0062C0C2 /* NuShip+WeaponDisplay.m */; };
		7E97ED2F14A3D5E200FD46DD /* AccountModel.xcdatamodeld in Sources */ = {isa = PBXBuildFile; fileRef = 7E97ED2D14A3D5E200FD46DD /* AccountModel.xcdatamodeld */; };
		7E97ED3214A3D84100FD46DD /* Preferences.plist in Resources */ = {isa = PBXBuildFile; fileRef = 7E97ED3114A3D84100FD46DD /* Preferences.plist */; };
		7E97ED3914A3DEE600FD46DD /* AGKeychain.m in Sources */ = {isa = PBXBuildFile; fileRef = 7E97ED3814A3DEE600FD46DD /* AGKeychain.m */; };
		7E97ED3C14A3ED4900FD46DD /* CaptainDashboardController.m in Sources */ = {isa = PBXBuildFile; fileRef = 7E97ED3B14A3ED4900FD46DD /* CaptainDashboardController.m */; };
		7E9930E214DE2D8F00A463EE /* TurnScorePanel.xib in Resources */ = {isa = PBXBuildFile; fileRef = 7E9930E114DE2D8F00A463EE /* TurnScorePanel.xib */; };
		7E9930E514DE2E4E00A463EE /* TurnScorePanelController.m in Sources */ = {isa = PBXBuildFile; fileRef = 7E9930E414DE2E4E00A463EE /* TurnScorePanelController.m */; };
		7E9930F614DE30F600A463EE /* CorePlot.framework in CopyFiles */ = {isa = PBXBuildFile; fileRef = 7E9930F014DE301500A463EE /* CorePlot.framework */; };
		7E9930F914DE3B1100A463EE /* CorePlot.framework in Frameworks */ = {isa = PBXBuildFile; fileRef = 7E9930F814DE3B1100A463EE /* CorePlot.framework */; };
		7EA504AD14A5490B000B1615 /* TurnRequestTest.m in Sources */ = {isa = PBXBuildFile; fileRef = 7EA504AC14A5490B000B1615 /* TurnRequestTest.m */; };
		7EA504B714A573A3000B1615 /* StarMap.xib in Resources */ = {isa = PBXBuildFile; fileRef = 7EA504B614A573A3000B1615 /* StarMap.xib */; };
		7EB9CC0C14AAEDC500A6ECB3 /* ShipDatabaseTest.m in Sources */ = {isa = PBXBuildFile; fileRef = 7EB9CC0B14AAEDC500A6ECB3 /* ShipDatabaseTest.m */; };
		7EC24C9614A2CC9E0081022A /* Cocoa.framework in Frameworks */ = {isa = PBXBuildFile; fileRef = 7EC24C9514A2CC9E0081022A /* Cocoa.framework */; };
		7EC24CA014A2CC9E0081022A /* InfoPlist.strings in Resources */ = {isa = PBXBuildFile; fileRef = 7EC24C9E14A2CC9E0081022A /* InfoPlist.strings */; };
		7EC24CA214A2CC9E0081022A /* main.m in Sources */ = {isa = PBXBuildFile; fileRef = 7EC24CA114A2CC9E0081022A /* main.m */; };
		7EC24CA614A2CC9E0081022A /* Credits.rtf in Resources */ = {isa = PBXBuildFile; fileRef = 7EC24CA414A2CC9E0081022A /* Credits.rtf */; };
		7EC24CA914A2CC9E0081022A /* PlanuPlanuAppDelegate.m in Sources */ = {isa = PBXBuildFile; fileRef = 7EC24CA814A2CC9E0081022A /* PlanuPlanuAppDelegate.m */; };
		7EC24CAC14A2CC9F0081022A /* MainMenu.xib in Resources */ = {isa = PBXBuildFile; fileRef = 7EC24CAA14A2CC9F0081022A /* MainMenu.xib */; };
		7EC24CB414A2CC9F0081022A /* SenTestingKit.framework in Frameworks */ = {isa = PBXBuildFile; fileRef = 7EC24CB314A2CC9F0081022A /* SenTestingKit.framework */; };
		7EC24CB514A2CC9F0081022A /* Cocoa.framework in Frameworks */ = {isa = PBXBuildFile; fileRef = 7EC24C9514A2CC9E0081022A /* Cocoa.framework */; };
		7EC24CBD14A2CC9F0081022A /* InfoPlist.strings in Resources */ = {isa = PBXBuildFile; fileRef = 7EC24CBB14A2CC9F0081022A /* InfoPlist.strings */; };
		7EC24CBF14A2CC9F0081022A /* PlanuPlanuTests.h in Resources */ = {isa = PBXBuildFile; fileRef = 7EC24CBE14A2CC9F0081022A /* PlanuPlanuTests.h */; };
		7EC24CC114A2CC9F0081022A /* PlanuPlanuTests.m in Sources */ = {isa = PBXBuildFile; fileRef = 7EC24CC014A2CC9F0081022A /* PlanuPlanuTests.m */; };
		7EC24CCB14A2CE380081022A /* AccountWindow.xib in Resources */ = {isa = PBXBuildFile; fileRef = 7EC24CCA14A2CE380081022A /* AccountWindow.xib */; };
		7EC24CD114A2D2070081022A /* AccountWindowController.m in Sources */ = {isa = PBXBuildFile; fileRef = 7EC24CD014A2D2070081022A /* AccountWindowController.m */; };
		7EC24CD414A2D2EF0081022A /* NSAttributedString+Hyperlink.m in Sources */ = {isa = PBXBuildFile; fileRef = 7EC24CD314A2D2EF0081022A /* NSAttributedString+Hyperlink.m */; };
		7EC24CD714A2D5E60081022A /* PlanuMenuController.m in Sources */ = {isa = PBXBuildFile; fileRef = 7EC24CD614A2D5E60081022A /* PlanuMenuController.m */; };
		7EC24CDE14A2EB950081022A /* LoginRequestTest.m in Sources */ = {isa = PBXBuildFile; fileRef = 7EC24CDC14A2E97E0081022A /* LoginRequestTest.m */; };
		7ECC437C14B00E230083591C /* ColorSchemes.plist in Resources */ = {isa = PBXBuildFile; fileRef = 7ECC437B14B00E220083591C /* ColorSchemes.plist */; };
		7ECC437F14B016920083591C /* NuColorScheme.m in Sources */ = {isa = PBXBuildFile; fileRef = 7ECC437E14B016920083591C /* NuColorScheme.m */; };
		7ECC438214B020FA0083591C /* NSColor+Serialize.m in Sources */ = {isa = PBXBuildFile; fileRef = 7ECC438114B020FA0083591C /* NSColor+Serialize.m */; };
		7ED904C414BD4F4900F189E5 /* ShipPopover.xib in Resources */ = {isa = PBXBuildFile; fileRef = 7ED904C314BD4F4900F189E5 /* ShipPopover.xib */; };
		7ED904C814BD504100F189E5 /* ShipPopoverController.m in Sources */ = {isa = PBXBuildFile; fileRef = 7ED904C614BD504100F189E5 /* ShipPopoverController.m */; };
		7EE440F014C3693A006745D7 /* FleetManifestWindowController.m in Sources */ = {isa = PBXBuildFile; fileRef = 7EE440EF14C3693A006745D7 /* FleetManifestWindowController.m */; };
		7EE440F314C36973006745D7 /* FleetManifestWindow.xib in Resources */ = {isa = PBXBuildFile; fileRef = 7EE440F214C36973006745D7 /* FleetManifestWindow.xib */; };
		7EE6F74214FA8F39004F4249 /* NOTICE in Resources */ = {isa = PBXBuildFile; fileRef = 7EE6F74114FA8F39004F4249 /* NOTICE */; };
		7EF364ED14AE3163009BBE86 /* ShipDatabaseWindow.xib in Resources */ = {isa = PBXBuildFile; fileRef = 7EF364EC14AE3163009BBE86 /* ShipDatabaseWindow.xib */; };
		7EF364F014AE4F16009BBE86 /* ShipDatabaseWindowController.m in Sources */ = {isa = PBXBuildFile; fileRef = 7EF364EF14AE4F16009BBE86 /* ShipDatabaseWindowController.m */; };
		7EF364F314AE9CBF009BBE86 /* NuHull+Sorting.m in Sources */ = {isa = PBXBuildFile; fileRef = 7EF364F214AE9CBF009BBE86 /* NuHull+Sorting.m */; };
		7EF364FB14AFAE04009BBE86 /* NuPlanetaryConnectionLayer.m in Sources */ = {isa = PBXBuildFile; fileRef = 7EF364FA14AFAE04009BBE86 /* NuPlanetaryConnectionLayer.m */; };
		7EF364FE14AFC782009BBE86 /* ScanRangeVisibilityView.m in Sources */ = {isa = PBXBuildFile; fileRef = 7EF364FD14AFC782009BBE86 /* ScanRangeVisibilityView.m */; };
		7EFFD36D14BE8997009CA6DE /* NuMinefieldLayer.m in Sources */ = {isa = PBXBuildFile; fileRef = 7EFFD36C14BE8997009CA6DE /* NuMinefieldLayer.m */; };
/* End PBXBuildFile section */

/* Begin PBXContainerItemProxy section */
		7E6995C514BD0BBF007FDFD3 /* PBXContainerItemProxy */ = {
			isa = PBXContainerItemProxy;
			containerPortal = 7EB9CC4A14ABB4D800A6ECB3 /* PlanuKit.xcodeproj */;
			proxyType = 1;
			remoteGlobalIDString = 7EB9CC1814ABB4D700A6ECB3;
			remoteInfo = PlanuKit;
		};
		7E9930EF14DE301500A463EE /* PBXContainerItemProxy */ = {
			isa = PBXContainerItemProxy;
			containerPortal = 7E9930E614DE301500A463EE /* CorePlot.xcodeproj */;
			proxyType = 2;
			remoteGlobalIDString = 8DC2EF5B0486A6940098B216;
			remoteInfo = CorePlot;
		};
		7E9930F114DE301500A463EE /* PBXContainerItemProxy */ = {
			isa = PBXContainerItemProxy;
			containerPortal = 7E9930E614DE301500A463EE /* CorePlot.xcodeproj */;
			proxyType = 2;
			remoteGlobalIDString = 0730F600109492D800E95162;
			remoteInfo = UnitTests;
		};
		7E9930F314DE307B00A463EE /* PBXContainerItemProxy */ = {
			isa = PBXContainerItemProxy;
			containerPortal = 7E9930E614DE301500A463EE /* CorePlot.xcodeproj */;
			proxyType = 1;
			remoteGlobalIDString = 8DC2EF4F0486A6940098B216;
			remoteInfo = CorePlot;
		};
		7EB9CC4F14ABB4DA00A6ECB3 /* PBXContainerItemProxy */ = {
			isa = PBXContainerItemProxy;
			containerPortal = 7EB9CC4A14ABB4D800A6ECB3 /* PlanuKit.xcodeproj */;
			proxyType = 2;
			remoteGlobalIDString = 7EB9CC1914ABB4D700A6ECB3;
			remoteInfo = PlanuKit;
		};
		7EB9CC5114ABB4DA00A6ECB3 /* PBXContainerItemProxy */ = {
			isa = PBXContainerItemProxy;
			containerPortal = 7EB9CC4A14ABB4D800A6ECB3 /* PlanuKit.xcodeproj */;
			proxyType = 2;
			remoteGlobalIDString = 7EB9CC3114ABB4D800A6ECB3;
			remoteInfo = PlanuKitTests;
		};
		7EC24CB614A2CC9F0081022A /* PBXContainerItemProxy */ = {
			isa = PBXContainerItemProxy;
			containerPortal = 7EC24C8814A2CC9E0081022A /* Project object */;
			proxyType = 1;
			remoteGlobalIDString = 7EC24C9014A2CC9E0081022A;
			remoteInfo = PlanuPlanu;
		};
/* End PBXContainerItemProxy section */

/* Begin PBXCopyFilesBuildPhase section */
		7E2908D814AD548200B11972 /* CopyFiles */ = {
			isa = PBXCopyFilesBuildPhase;
			buildActionMask = 2147483647;
			dstPath = "";
			dstSubfolderSpec = 10;
			files = (
				7E9930F614DE30F600A463EE /* CorePlot.framework in CopyFiles */,
				7E6995C414BD0B94007FDFD3 /* PlanuKit.framework in CopyFiles */,
			);
			runOnlyForDeploymentPostprocessing = 0;
		};
/* End PBXCopyFilesBuildPhase section */

/* Begin PBXFileReference section */
		7E09C53F14C7B93400CE7E9F /* TurnWarning.h */ = {isa = PBXFileReference; fileEncoding = 4; lastKnownFileType = sourcecode.c.h; path = TurnWarning.h; sourceTree = "<group>"; };
		7E09C54014C7B93400CE7E9F /* TurnWarning.m */ = {isa = PBXFileReference; fileEncoding = 4; lastKnownFileType = sourcecode.c.objc; path = TurnWarning.m; sourceTree = "<group>"; };
		7E09C54714C8BA8D00CE7E9F /* minefields.png */ = {isa = PBXFileReference; lastKnownFileType = image.png; path = minefields.png; sourceTree = "<group>"; };
		7E09C54914C8BB3B00CE7E9F /* cmd.png */ = {isa = PBXFileReference; lastKnownFileType = image.png; path = cmd.png; sourceTree = "<group>"; };
		7E1518BE14A3F15B00BAB34E /* CaptainDashboard.xib */ = {isa = PBXFileReference; fileEncoding = 4; lastKnownFileType = file.xib; path = CaptainDashboard.xib; sourceTree = "<group>"; };
		7E15E63E14B518A500650246 /* NuMappableEntityLayer.h */ = {isa = PBXFileReference; fileEncoding = 4; lastKnownFileType = sourcecode.c.h; path = NuMappableEntityLayer.h; sourceTree = "<group>"; };
		7E15E63F14B518A500650246 /* NuMappableEntityLayer.m */ = {isa = PBXFileReference; fileEncoding = 4; lastKnownFileType = sourcecode.c.objc; path = NuMappableEntityLayer.m; sourceTree = "<group>"; };
		7E15E64114B7BC8F00650246 /* QuartzCore.framework */ = {isa = PBXFileReference; lastKnownFileType = wrapper.framework; name = QuartzCore.framework; path = System/Library/Frameworks/QuartzCore.framework; sourceTree = SDKROOT; };
		7E20647C14C54D9100E7A484 /* TurnWarningWindowController.h */ = {isa = PBXFileReference; fileEncoding = 4; lastKnownFileType = sourcecode.c.h; path = TurnWarningWindowController.h; sourceTree = "<group>"; };
		7E20647D14C54D9100E7A484 /* TurnWarningWindowController.m */ = {isa = PBXFileReference; fileEncoding = 4; lastKnownFileType = sourcecode.c.objc; path = TurnWarningWindowController.m; sourceTree = "<group>"; };
		7E20647F14C54DB100E7A484 /* TurnWarningWindow.xib */ = {isa = PBXFileReference; fileEncoding = 4; lastKnownFileType = file.xib; path = TurnWarningWindow.xib; sourceTree = "<group>"; };
		7E2908CE14ABC66A00B11972 /* StarMapController.m */ = {isa = PBXFileReference; fileEncoding = 4; lastKnownFileType = sourcecode.c.objc; path = StarMapController.m; sourceTree = "<group>"; };
		7E2908D214ACFF9D00B11972 /* NuIonStormLayer.h */ = {isa = PBXFileReference; fileEncoding = 4; lastKnownFileType = sourcecode.c.h; path = NuIonStormLayer.h; sourceTree = "<group>"; };
		7E2908D314ACFF9D00B11972 /* NuIonStormLayer.m */ = {isa = PBXFileReference; fileEncoding = 4; lastKnownFileType = sourcecode.c.objc; path = NuIonStormLayer.m; sourceTree = "<group>"; };
		7E2908D514AD299D00B11972 /* NuPlanetLayer.h */ = {isa = PBXFileReference; fileEncoding = 4; lastKnownFileType = sourcecode.c.h; path = NuPlanetLayer.h; sourceTree = "<group>"; };
		7E2908D614AD299E00B11972 /* NuPlanetLayer.m */ = {isa = PBXFileReference; fileEncoding = 4; lastKnownFileType = sourcecode.c.objc; path = NuPlanetLayer.m; sourceTree = "<group>"; };
		7E2908DA14AD604F00B11972 /* NuShipLayer.h */ = {isa = PBXFileReference; fileEncoding = 4; lastKnownFileType = sourcecode.c.h; path = NuShipLayer.h; sourceTree = "<group>"; };
		7E2908DB14AD604F00B11972 /* NuShipLayer.m */ = {isa = PBXFileReference; fileEncoding = 4; lastKnownFileType = sourcecode.c.objc; path = NuShipLayer.m; sourceTree = "<group>"; };
		7E2C05E814FEE9ED00A51D5F /* NuScore+DeltaDisplay.h */ = {isa = PBXFileReference; fileEncoding = 4; lastKnownFileType = sourcecode.c.h; path = "NuScore+DeltaDisplay.h"; sourceTree = "<group>"; };
		7E2C05E914FEE9ED00A51D5F /* NuScore+DeltaDisplay.m */ = {isa = PBXFileReference; fileEncoding = 4; lastKnownFileType = sourcecode.c.objc; path = "NuScore+DeltaDisplay.m"; sourceTree = "<group>"; };
		7E38629414BBF5A800747D17 /* MapMuxPopover.xib */ = {isa = PBXFileReference; fileEncoding = 4; lastKnownFileType = file.xib; path = MapMuxPopover.xib; sourceTree = "<group>"; };
		7E38629614BBF5CC00747D17 /* MapMuxPopoverController.h */ = {isa = PBXFileReference; fileEncoding = 4; lastKnownFileType = sourcecode.c.h; path = MapMuxPopoverController.h; sourceTree = "<group>"; };
		7E38629714BBF5CC00747D17 /* MapMuxPopoverController.m */ = {isa = PBXFileReference; fileEncoding = 4; lastKnownFileType = sourcecode.c.objc; path = MapMuxPopoverController.m; sourceTree = "<group>"; };
		7E38629A14BCF16200747D17 /* planet.png */ = {isa = PBXFileReference; lastKnownFileType = image.png; path = planet.png; sourceTree = "<group>"; };
		7E38629B14BCF16200747D17 /* ship.png */ = {isa = PBXFileReference; lastKnownFileType = image.png; path = ship.png; sourceTree = "<group>"; };
		7E38629E14BCF35000747D17 /* connection.png */ = {isa = PBXFileReference; lastKnownFileType = image.png; path = connection.png; sourceTree = "<group>"; };
		7E38629F14BCF35000747D17 /* scanvisibility.png */ = {isa = PBXFileReference; lastKnownFileType = image.png; path = scanvisibility.png; sourceTree = "<group>"; };
		7E3862A014BCF35000747D17 /* storm.png */ = {isa = PBXFileReference; lastKnownFileType = image.png; path = storm.png; sourceTree = "<group>"; };
		7E3862A414BCF4E400747D17 /* MuxCellView.h */ = {isa = PBXFileReference; fileEncoding = 4; lastKnownFileType = sourcecode.c.h; path = MuxCellView.h; sourceTree = "<group>"; };
		7E3862A514BCF4E400747D17 /* MuxCellView.m */ = {isa = PBXFileReference; fileEncoding = 4; lastKnownFileType = sourcecode.c.objc; path = MuxCellView.m; sourceTree = "<group>"; };
		7E4BFB1A14A5337C00E29659 /* GameListRequestTest.h */ = {isa = PBXFileReference; fileEncoding = 4; lastKnownFileType = sourcecode.c.h; path = GameListRequestTest.h; sourceTree = "<group>"; };
		7E4BFB1B14A5337C00E29659 /* GameListRequestTest.m */ = {isa = PBXFileReference; fileEncoding = 4; lastKnownFileType = sourcecode.c.objc; path = GameListRequestTest.m; sourceTree = "<group>"; };
		7E698F7814BF601A008B0F95 /* MessagesWindowController.h */ = {isa = PBXFileReference; fileEncoding = 4; lastKnownFileType = sourcecode.c.h; path = MessagesWindowController.h; sourceTree = "<group>"; };
		7E698F7914BF601A008B0F95 /* MessagesWindowController.m */ = {isa = PBXFileReference; fileEncoding = 4; lastKnownFileType = sourcecode.c.objc; path = MessagesWindowController.m; sourceTree = "<group>"; };
		7E698F7B14BF6032008B0F95 /* MessagesWindow.xib */ = {isa = PBXFileReference; fileEncoding = 4; lastKnownFileType = file.xib; path = MessagesWindow.xib; sourceTree = "<group>"; };
		7E698F7E14BF96E1008B0F95 /* JSONKit.h */ = {isa = PBXFileReference; fileEncoding = 4; lastKnownFileType = sourcecode.c.h; path = JSONKit.h; sourceTree = "<group>"; };
		7E698F8214BFDDDF008B0F95 /* MessageList.h */ = {isa = PBXFileReference; fileEncoding = 4; lastKnownFileType = sourcecode.c.h; path = MessageList.h; sourceTree = "<group>"; };
		7E698F8314BFDDDF008B0F95 /* MessageList.m */ = {isa = PBXFileReference; fileEncoding = 4; lastKnownFileType = sourcecode.c.objc; path = MessageList.m; sourceTree = "<group>"; };
		7E698F8514C0E1A9008B0F95 /* WebKit.framework */ = {isa = PBXFileReference; lastKnownFileType = wrapper.framework; name = WebKit.framework; path = System/Library/Frameworks/WebKit.framework; sourceTree = SDKROOT; };
		7E8644BF14A57F5B0002986F /* StarMapController.h */ = {isa = PBXFileReference; fileEncoding = 4; lastKnownFileType = sourcecode.c.h; path = StarMapController.h; sourceTree = "<group>"; };
		7E8644C214A5A8C50002986F /* StarMapView.h */ = {isa = PBXFileReference; fileEncoding = 4; lastKnownFileType = sourcecode.c.h; path = StarMapView.h; sourceTree = "<group>"; };
		7E8644C314A5A8C50002986F /* StarMapView.m */ = {isa = PBXFileReference; fileEncoding = 4; lastKnownFileType = sourcecode.c.objc; path = StarMapView.m; sourceTree = "<group>"; };
		7E8644CB14A6D5F60002986F /* PlanetPopoverController.h */ = {isa = PBXFileReference; fileEncoding = 4; lastKnownFileType = sourcecode.c.h; path = PlanetPopoverController.h; sourceTree = "<group>"; };
		7E8644CC14A6D5F70002986F /* PlanetPopoverController.m */ = {isa = PBXFileReference; fileEncoding = 4; lastKnownFileType = sourcecode.c.objc; path = PlanetPopoverController.m; sourceTree = "<group>"; };
		7E8644D014A6D6A20002986F /* PlanetPopover.xib */ = {isa = PBXFileReference; fileEncoding = 4; lastKnownFileType = file.xib; path = PlanetPopover.xib; sourceTree = "<group>"; };
		7E86FDC514C4D5AC0062C0C2 /* NuShip+WeaponDisplay.h */ = {isa = PBXFileReference; fileEncoding = 4; lastKnownFileType = sourcecode.c.h; path = "NuShip+WeaponDisplay.h"; sourceTree = "<group>"; };
		7E86FDC614C4D5AC0062C0C2 /* NuShip+WeaponDisplay.m */ = {isa = PBXFileReference; fileEncoding = 4; lastKnownFileType = sourcecode.c.objc; path = "NuShip+WeaponDisplay.m"; sourceTree = "<group>"; };
		7E97ED2E14A3D5E200FD46DD /* AccountModel.xcdatamodel */ = {isa = PBXFileReference; lastKnownFileType = wrapper.xcdatamodel; path = AccountModel.xcdatamodel; sourceTree = "<group>"; };
		7E97ED3114A3D84100FD46DD /* Preferences.plist */ = {isa = PBXFileReference; fileEncoding = 4; lastKnownFileType = text.plist.xml; path = Preferences.plist; sourceTree = "<group>"; };
		7E97ED3714A3DEE600FD46DD /* AGKeychain.h */ = {isa = PBXFileReference; fileEncoding = 4; lastKnownFileType = sourcecode.c.h; path = AGKeychain.h; sourceTree = "<group>"; };
		7E97ED3814A3DEE600FD46DD /* AGKeychain.m */ = {isa = PBXFileReference; fileEncoding = 4; lastKnownFileType = sourcecode.c.objc; path = AGKeychain.m; sourceTree = "<group>"; };
		7E97ED3A14A3ED4900FD46DD /* CaptainDashboardController.h */ = {isa = PBXFileReference; fileEncoding = 4; lastKnownFileType = sourcecode.c.h; path = CaptainDashboardController.h; sourceTree = "<group>"; };
		7E97ED3B14A3ED4900FD46DD /* CaptainDashboardController.m */ = {isa = PBXFileReference; fileEncoding = 4; lastKnownFileType = sourcecode.c.objc; path = CaptainDashboardController.m; sourceTree = "<group>"; };
		7E97ED3D14A3EDD700FD46DD /* Preferences.h */ = {isa = PBXFileReference; fileEncoding = 4; lastKnownFileType = sourcecode.c.h; path = Preferences.h; sourceTree = "<group>"; };
		7E9930E114DE2D8F00A463EE /* TurnScorePanel.xib */ = {isa = PBXFileReference; fileEncoding = 4; lastKnownFileType = file.xib; path = TurnScorePanel.xib; sourceTree = "<group>"; };
		7E9930E314DE2E4E00A463EE /* TurnScorePanelController.h */ = {isa = PBXFileReference; fileEncoding = 4; lastKnownFileType = sourcecode.c.h; path = TurnScorePanelController.h; sourceTree = "<group>"; };
		7E9930E414DE2E4E00A463EE /* TurnScorePanelController.m */ = {isa = PBXFileReference; fileEncoding = 4; lastKnownFileType = sourcecode.c.objc; path = TurnScorePanelController.m; sourceTree = "<group>"; };
		7E9930E614DE301500A463EE /* CorePlot.xcodeproj */ = {isa = PBXFileReference; lastKnownFileType = "wrapper.pb-project"; name = CorePlot.xcodeproj; path = "core-plot/framework/CorePlot.xcodeproj"; sourceTree = "<group>"; };
		7E9930F814DE3B1100A463EE /* CorePlot.framework */ = {isa = PBXFileReference; lastKnownFileType = wrapper.framework; name = CorePlot.framework; path = "core-plot/build/Debug/CorePlot.framework"; sourceTree = "<group>"; };
		7EA504AB14A5490B000B1615 /* TurnRequestTest.h */ = {isa = PBXFileReference; fileEncoding = 4; lastKnownFileType = sourcecode.c.h; path = TurnRequestTest.h; sourceTree = "<group>"; };
		7EA504AC14A5490B000B1615 /* TurnRequestTest.m */ = {isa = PBXFileReference; fileEncoding = 4; lastKnownFileType = sourcecode.c.objc; path = TurnRequestTest.m; sourceTree = "<group>"; };
		7EA504B614A573A3000B1615 /* StarMap.xib */ = {isa = PBXFileReference; fileEncoding = 4; lastKnownFileType = file.xib; path = StarMap.xib; sourceTree = "<group>"; };
		7EB9CC0A14AAEDC500A6ECB3 /* ShipDatabaseTest.h */ = {isa = PBXFileReference; fileEncoding = 4; lastKnownFileType = sourcecode.c.h; path = ShipDatabaseTest.h; sourceTree = "<group>"; };
		7EB9CC0B14AAEDC500A6ECB3 /* ShipDatabaseTest.m */ = {isa = PBXFileReference; fileEncoding = 4; lastKnownFileType = sourcecode.c.objc; path = ShipDatabaseTest.m; sourceTree = "<group>"; };
		7EB9CC4A14ABB4D800A6ECB3 /* PlanuKit.xcodeproj */ = {isa = PBXFileReference; lastKnownFileType = "wrapper.pb-project"; name = PlanuKit.xcodeproj; path = PlanuKit/PlanuKit.xcodeproj; sourceTree = "<group>"; };
		7EC24C9114A2CC9E0081022A /* PlanuPlanu.app */ = {isa = PBXFileReference; explicitFileType = wrapper.application; includeInIndex = 0; path = PlanuPlanu.app; sourceTree = BUILT_PRODUCTS_DIR; };
		7EC24C9514A2CC9E0081022A /* Cocoa.framework */ = {isa = PBXFileReference; lastKnownFileType = wrapper.framework; name = Cocoa.framework; path = System/Library/Frameworks/Cocoa.framework; sourceTree = SDKROOT; };
		7EC24C9814A2CC9E0081022A /* AppKit.framework */ = {isa = PBXFileReference; lastKnownFileType = wrapper.framework; name = AppKit.framework; path = System/Library/Frameworks/AppKit.framework; sourceTree = SDKROOT; };
		7EC24C9914A2CC9E0081022A /* CoreData.framework */ = {isa = PBXFileReference; lastKnownFileType = wrapper.framework; name = CoreData.framework; path = System/Library/Frameworks/CoreData.framework; sourceTree = SDKROOT; };
		7EC24C9A14A2CC9E0081022A /* Foundation.framework */ = {isa = PBXFileReference; lastKnownFileType = wrapper.framework; name = Foundation.framework; path = System/Library/Frameworks/Foundation.framework; sourceTree = SDKROOT; };
		7EC24C9D14A2CC9E0081022A /* PlanuPlanu-Info.plist */ = {isa = PBXFileReference; lastKnownFileType = text.plist.xml; path = "PlanuPlanu-Info.plist"; sourceTree = "<group>"; };
		7EC24C9F14A2CC9E0081022A /* en */ = {isa = PBXFileReference; lastKnownFileType = text.plist.strings; name = en; path = en.lproj/InfoPlist.strings; sourceTree = "<group>"; };
		7EC24CA114A2CC9E0081022A /* main.m */ = {isa = PBXFileReference; lastKnownFileType = sourcecode.c.objc; path = main.m; sourceTree = "<group>"; };
		7EC24CA314A2CC9E0081022A /* PlanuPlanu-Prefix.pch */ = {isa = PBXFileReference; lastKnownFileType = sourcecode.c.h; path = "PlanuPlanu-Prefix.pch"; sourceTree = "<group>"; };
		7EC24CA514A2CC9E0081022A /* en */ = {isa = PBXFileReference; lastKnownFileType = text.rtf; name = en; path = en.lproj/Credits.rtf; sourceTree = "<group>"; };
		7EC24CA714A2CC9E0081022A /* PlanuPlanuAppDelegate.h */ = {isa = PBXFileReference; lastKnownFileType = sourcecode.c.h; path = PlanuPlanuAppDelegate.h; sourceTree = "<group>"; };
		7EC24CA814A2CC9E0081022A /* PlanuPlanuAppDelegate.m */ = {isa = PBXFileReference; lastKnownFileType = sourcecode.c.objc; path = PlanuPlanuAppDelegate.m; sourceTree = "<group>"; };
		7EC24CAB14A2CC9F0081022A /* en */ = {isa = PBXFileReference; lastKnownFileType = file.xib; name = en; path = en.lproj/MainMenu.xib; sourceTree = "<group>"; };
		7EC24CB214A2CC9F0081022A /* PlanuPlanuTests.octest */ = {isa = PBXFileReference; explicitFileType = wrapper.cfbundle; includeInIndex = 0; path = PlanuPlanuTests.octest; sourceTree = BUILT_PRODUCTS_DIR; };
		7EC24CB314A2CC9F0081022A /* SenTestingKit.framework */ = {isa = PBXFileReference; lastKnownFileType = wrapper.framework; name = SenTestingKit.framework; path = Library/Frameworks/SenTestingKit.framework; sourceTree = DEVELOPER_DIR; };
		7EC24CBA14A2CC9F0081022A /* PlanuPlanuTests-Info.plist */ = {isa = PBXFileReference; lastKnownFileType = text.plist.xml; path = "PlanuPlanuTests-Info.plist"; sourceTree = "<group>"; };
		7EC24CBC14A2CC9F0081022A /* en */ = {isa = PBXFileReference; lastKnownFileType = text.plist.strings; name = en; path = en.lproj/InfoPlist.strings; sourceTree = "<group>"; };
		7EC24CBE14A2CC9F0081022A /* PlanuPlanuTests.h */ = {isa = PBXFileReference; lastKnownFileType = sourcecode.c.h; path = PlanuPlanuTests.h; sourceTree = "<group>"; };
		7EC24CC014A2CC9F0081022A /* PlanuPlanuTests.m */ = {isa = PBXFileReference; lastKnownFileType = sourcecode.c.objc; path = PlanuPlanuTests.m; sourceTree = "<group>"; };
		7EC24CCA14A2CE380081022A /* AccountWindow.xib */ = {isa = PBXFileReference; fileEncoding = 4; lastKnownFileType = file.xib; path = AccountWindow.xib; sourceTree = "<group>"; };
		7EC24CCF14A2D2070081022A /* AccountWindowController.h */ = {isa = PBXFileReference; fileEncoding = 4; lastKnownFileType = sourcecode.c.h; path = AccountWindowController.h; sourceTree = "<group>"; };
		7EC24CD014A2D2070081022A /* AccountWindowController.m */ = {isa = PBXFileReference; fileEncoding = 4; lastKnownFileType = sourcecode.c.objc; path = AccountWindowController.m; sourceTree = "<group>"; };
		7EC24CD214A2D2EF0081022A /* NSAttributedString+Hyperlink.h */ = {isa = PBXFileReference; fileEncoding = 4; lastKnownFileType = sourcecode.c.h; path = "NSAttributedString+Hyperlink.h"; sourceTree = "<group>"; };
		7EC24CD314A2D2EF0081022A /* NSAttributedString+Hyperlink.m */ = {isa = PBXFileReference; fileEncoding = 4; lastKnownFileType = sourcecode.c.objc; path = "NSAttributedString+Hyperlink.m"; sourceTree = "<group>"; };
		7EC24CD514A2D5E50081022A /* PlanuMenuController.h */ = {isa = PBXFileReference; fileEncoding = 4; lastKnownFileType = sourcecode.c.h; path = PlanuMenuController.h; sourceTree = "<group>"; };
		7EC24CD614A2D5E60081022A /* PlanuMenuController.m */ = {isa = PBXFileReference; fileEncoding = 4; lastKnownFileType = sourcecode.c.objc; path = PlanuMenuController.m; sourceTree = "<group>"; };
		7EC24CDB14A2E97E0081022A /* LoginRequestTest.h */ = {isa = PBXFileReference; fileEncoding = 4; lastKnownFileType = sourcecode.c.h; path = LoginRequestTest.h; sourceTree = "<group>"; };
		7EC24CDC14A2E97E0081022A /* LoginRequestTest.m */ = {isa = PBXFileReference; fileEncoding = 4; lastKnownFileType = sourcecode.c.objc; path = LoginRequestTest.m; sourceTree = "<group>"; };
		7ECC437B14B00E220083591C /* ColorSchemes.plist */ = {isa = PBXFileReference; fileEncoding = 4; lastKnownFileType = text.plist.xml; path = ColorSchemes.plist; sourceTree = "<group>"; };
		7ECC437D14B016920083591C /* NuColorScheme.h */ = {isa = PBXFileReference; fileEncoding = 4; lastKnownFileType = sourcecode.c.h; path = NuColorScheme.h; sourceTree = "<group>"; };
		7ECC437E14B016920083591C /* NuColorScheme.m */ = {isa = PBXFileReference; fileEncoding = 4; lastKnownFileType = sourcecode.c.objc; path = NuColorScheme.m; sourceTree = "<group>"; };
		7ECC438014B020FA0083591C /* NSColor+Serialize.h */ = {isa = PBXFileReference; fileEncoding = 4; lastKnownFileType = sourcecode.c.h; path = "NSColor+Serialize.h"; sourceTree = "<group>"; };
		7ECC438114B020FA0083591C /* NSColor+Serialize.m */ = {isa = PBXFileReference; fileEncoding = 4; lastKnownFileType = sourcecode.c.objc; path = "NSColor+Serialize.m"; sourceTree = "<group>"; };
		7ED904C314BD4F4900F189E5 /* ShipPopover.xib */ = {isa = PBXFileReference; fileEncoding = 4; lastKnownFileType = file.xib; path = ShipPopover.xib; sourceTree = "<group>"; };
		7ED904C514BD504100F189E5 /* ShipPopoverController.h */ = {isa = PBXFileReference; fileEncoding = 4; lastKnownFileType = sourcecode.c.h; path = ShipPopoverController.h; sourceTree = "<group>"; };
		7ED904C614BD504100F189E5 /* ShipPopoverController.m */ = {isa = PBXFileReference; fileEncoding = 4; lastKnownFileType = sourcecode.c.objc; path = ShipPopoverController.m; sourceTree = "<group>"; };
		7EE440EE14C3693A006745D7 /* FleetManifestWindowController.h */ = {isa = PBXFileReference; fileEncoding = 4; lastKnownFileType = sourcecode.c.h; path = FleetManifestWindowController.h; sourceTree = "<group>"; };
		7EE440EF14C3693A006745D7 /* FleetManifestWindowController.m */ = {isa = PBXFileReference; fileEncoding = 4; lastKnownFileType = sourcecode.c.objc; path = FleetManifestWindowController.m; sourceTree = "<group>"; };
		7EE440F214C36973006745D7 /* FleetManifestWindow.xib */ = {isa = PBXFileReference; fileEncoding = 4; lastKnownFileType = file.xib; path = FleetManifestWindow.xib; sourceTree = "<group>"; };
		7EE6F74114FA8F39004F4249 /* NOTICE */ = {isa = PBXFileReference; fileEncoding = 4; lastKnownFileType = text; path = NOTICE; sourceTree = "<group>"; };
		7EF364EC14AE3163009BBE86 /* ShipDatabaseWindow.xib */ = {isa = PBXFileReference; fileEncoding = 4; lastKnownFileType = file.xib; path = ShipDatabaseWindow.xib; sourceTree = "<group>"; };
		7EF364EE14AE4F16009BBE86 /* ShipDatabaseWindowController.h */ = {isa = PBXFileReference; fileEncoding = 4; lastKnownFileType = sourcecode.c.h; path = ShipDatabaseWindowController.h; sourceTree = "<group>"; };
		7EF364EF14AE4F16009BBE86 /* ShipDatabaseWindowController.m */ = {isa = PBXFileReference; fileEncoding = 4; lastKnownFileType = sourcecode.c.objc; path = ShipDatabaseWindowController.m; sourceTree = "<group>"; };
		7EF364F114AE9CBF009BBE86 /* NuHull+Sorting.h */ = {isa = PBXFileReference; fileEncoding = 4; lastKnownFileType = sourcecode.c.h; path = "NuHull+Sorting.h"; sourceTree = "<group>"; };
		7EF364F214AE9CBF009BBE86 /* NuHull+Sorting.m */ = {isa = PBXFileReference; fileEncoding = 4; lastKnownFileType = sourcecode.c.objc; path = "NuHull+Sorting.m"; sourceTree = "<group>"; };
		7EF364F914AFAE04009BBE86 /* NuPlanetaryConnectionLayer.h */ = {isa = PBXFileReference; fileEncoding = 4; lastKnownFileType = sourcecode.c.h; path = NuPlanetaryConnectionLayer.h; sourceTree = "<group>"; };
		7EF364FA14AFAE04009BBE86 /* NuPlanetaryConnectionLayer.m */ = {isa = PBXFileReference; fileEncoding = 4; lastKnownFileType = sourcecode.c.objc; path = NuPlanetaryConnectionLayer.m; sourceTree = "<group>"; };
		7EF364FC14AFC781009BBE86 /* ScanRangeVisibilityView.h */ = {isa = PBXFileReference; fileEncoding = 4; lastKnownFileType = sourcecode.c.h; path = ScanRangeVisibilityView.h; sourceTree = "<group>"; };
		7EF364FD14AFC782009BBE86 /* ScanRangeVisibilityView.m */ = {isa = PBXFileReference; fileEncoding = 4; lastKnownFileType = sourcecode.c.objc; path = ScanRangeVisibilityView.m; sourceTree = "<group>"; };
		7EFFD36B14BE8997009CA6DE /* NuMinefieldLayer.h */ = {isa = PBXFileReference; fileEncoding = 4; lastKnownFileType = sourcecode.c.h; path = NuMinefieldLayer.h; sourceTree = "<group>"; };
		7EFFD36C14BE8997009CA6DE /* NuMinefieldLayer.m */ = {isa = PBXFileReference; fileEncoding = 4; lastKnownFileType = sourcecode.c.objc; path = NuMinefieldLayer.m; sourceTree = "<group>"; };
/* End PBXFileReference section */

/* Begin PBXFrameworksBuildPhase section */
		7EC24C8E14A2CC9E0081022A /* Frameworks */ = {
			isa = PBXFrameworksBuildPhase;
			buildActionMask = 2147483647;
			files = (
				7E698F8614C0E1A9008B0F95 /* WebKit.framework in Frameworks */,
				7E15E64214B7BC8F00650246 /* QuartzCore.framework in Frameworks */,
				7EC24C9614A2CC9E0081022A /* Cocoa.framework in Frameworks */,
				7E6995C314BD0B3C007FDFD3 /* PlanuKit.framework in Frameworks */,
				7E9930F914DE3B1100A463EE /* CorePlot.framework in Frameworks */,
			);
			runOnlyForDeploymentPostprocessing = 0;
		};
		7EC24CAE14A2CC9F0081022A /* Frameworks */ = {
			isa = PBXFrameworksBuildPhase;
			buildActionMask = 2147483647;
			files = (
				7EC24CB414A2CC9F0081022A /* SenTestingKit.framework in Frameworks */,
				7EC24CB514A2CC9F0081022A /* Cocoa.framework in Frameworks */,
			);
			runOnlyForDeploymentPostprocessing = 0;
		};
/* End PBXFrameworksBuildPhase section */

/* Begin PBXGroup section */
		7E38629914BCF14600747D17 /* Images */ = {
			isa = PBXGroup;
			children = (
				7E09C54914C8BB3B00CE7E9F /* cmd.png */,
				7E09C54714C8BA8D00CE7E9F /* minefields.png */,
				7E38629E14BCF35000747D17 /* connection.png */,
				7E38629F14BCF35000747D17 /* scanvisibility.png */,
				7E3862A014BCF35000747D17 /* storm.png */,
				7E38629A14BCF16200747D17 /* planet.png */,
				7E38629B14BCF16200747D17 /* ship.png */,
			);
			name = Images;
			sourceTree = "<group>";
		};
		7E698F7D14BF96C2008B0F95 /* JSONKitDEV */ = {
			isa = PBXGroup;
			children = (
				7E698F7E14BF96E1008B0F95 /* JSONKit.h */,
			);
			name = JSONKitDEV;
			sourceTree = "<group>";
		};
		7E86FDC314C4CE250062C0C2 /* Popovers */ = {
			isa = PBXGroup;
			children = (
				7E8644CB14A6D5F60002986F /* PlanetPopoverController.h */,
				7E8644CC14A6D5F70002986F /* PlanetPopoverController.m */,
				7ED904C514BD504100F189E5 /* ShipPopoverController.h */,
				7ED904C614BD504100F189E5 /* ShipPopoverController.m */,
				7E38629614BBF5CC00747D17 /* MapMuxPopoverController.h */,
				7E38629714BBF5CC00747D17 /* MapMuxPopoverController.m */,
			);
			name = Popovers;
			sourceTree = "<group>";
		};
		7E86FDC414C4CFDB0062C0C2 /* Layers */ = {
			isa = PBXGroup;
			children = (
				7E2908D214ACFF9D00B11972 /* NuIonStormLayer.h */,
				7E2908D314ACFF9D00B11972 /* NuIonStormLayer.m */,
				7E15E63E14B518A500650246 /* NuMappableEntityLayer.h */,
				7E15E63F14B518A500650246 /* NuMappableEntityLayer.m */,
				7EFFD36B14BE8997009CA6DE /* NuMinefieldLayer.h */,
				7EFFD36C14BE8997009CA6DE /* NuMinefieldLayer.m */,
				7EF364F914AFAE04009BBE86 /* NuPlanetaryConnectionLayer.h */,
				7EF364FA14AFAE04009BBE86 /* NuPlanetaryConnectionLayer.m */,
				7E2908D514AD299D00B11972 /* NuPlanetLayer.h */,
				7E2908D614AD299E00B11972 /* NuPlanetLayer.m */,
				7E2908DA14AD604F00B11972 /* NuShipLayer.h */,
				7E2908DB14AD604F00B11972 /* NuShipLayer.m */,
			);
			name = Layers;
			sourceTree = "<group>";
		};
		7E9930E714DE301500A463EE /* Products */ = {
			isa = PBXGroup;
			children = (
				7E9930F014DE301500A463EE /* CorePlot.framework */,
				7E9930F214DE301500A463EE /* UnitTests.octest */,
			);
			name = Products;
			sourceTree = "<group>";
		};
		7EA504B514A564A7000B1615 /* User Interfaces */ = {
			isa = PBXGroup;
			children = (
				7E86FDC414C4CFDB0062C0C2 /* Layers */,
				7E86FDC314C4CE250062C0C2 /* Popovers */,
				7EE440F114C36942006745D7 /* Window Controllers */,
				7EC24CAA14A2CC9F0081022A /* MainMenu.xib */,
				7EC24CCA14A2CE380081022A /* AccountWindow.xib */,
				7E1518BE14A3F15B00BAB34E /* CaptainDashboard.xib */,
				7EA504B614A573A3000B1615 /* StarMap.xib */,
				7E8644D014A6D6A20002986F /* PlanetPopover.xib */,
				7EF364EC14AE3163009BBE86 /* ShipDatabaseWindow.xib */,
				7E38629414BBF5A800747D17 /* MapMuxPopover.xib */,
				7ED904C314BD4F4900F189E5 /* ShipPopover.xib */,
				7E698F7B14BF6032008B0F95 /* MessagesWindow.xib */,
				7EE440F214C36973006745D7 /* FleetManifestWindow.xib */,
				7E20647F14C54DB100E7A484 /* TurnWarningWindow.xib */,
				7E9930E114DE2D8F00A463EE /* TurnScorePanel.xib */,
			);
			name = "User Interfaces";
			sourceTree = "<group>";
		};
		7EB9CC4B14ABB4D800A6ECB3 /* Products */ = {
			isa = PBXGroup;
			children = (
				7EB9CC5014ABB4DA00A6ECB3 /* PlanuKit.framework */,
				7EB9CC5214ABB4DA00A6ECB3 /* PlanuKitTests.octest */,
			);
			name = Products;
			sourceTree = "<group>";
		};
		7EC24C8614A2CC9E0081022A = {
			isa = PBXGroup;
			children = (
				7E9930E614DE301500A463EE /* CorePlot.xcodeproj */,
				7EB9CC4A14ABB4D800A6ECB3 /* PlanuKit.xcodeproj */,
				7EC24C9B14A2CC9E0081022A /* PlanuPlanu */,
				7EC24CB814A2CC9F0081022A /* PlanuPlanuTests */,
				7EC24C9414A2CC9E0081022A /* Frameworks */,
				7EC24C9214A2CC9E0081022A /* Products */,
			);
			sourceTree = "<group>";
		};
		7EC24C9214A2CC9E0081022A /* Products */ = {
			isa = PBXGroup;
			children = (
				7EC24C9114A2CC9E0081022A /* PlanuPlanu.app */,
				7EC24CB214A2CC9F0081022A /* PlanuPlanuTests.octest */,
			);
			name = Products;
			sourceTree = "<group>";
		};
		7EC24C9414A2CC9E0081022A /* Frameworks */ = {
			isa = PBXGroup;
			children = (
				7E9930F814DE3B1100A463EE /* CorePlot.framework */,
				7E698F8514C0E1A9008B0F95 /* WebKit.framework */,
				7E15E64114B7BC8F00650246 /* QuartzCore.framework */,
				7EC24C9514A2CC9E0081022A /* Cocoa.framework */,
				7EC24CB314A2CC9F0081022A /* SenTestingKit.framework */,
				7EC24C9714A2CC9E0081022A /* Other Frameworks */,
			);
			name = Frameworks;
			sourceTree = "<group>";
		};
		7EC24C9714A2CC9E0081022A /* Other Frameworks */ = {
			isa = PBXGroup;
			children = (
				7EC24C9814A2CC9E0081022A /* AppKit.framework */,
				7EC24C9914A2CC9E0081022A /* CoreData.framework */,
				7EC24C9A14A2CC9E0081022A /* Foundation.framework */,
			);
			name = "Other Frameworks";
			sourceTree = "<group>";
		};
		7EC24C9B14A2CC9E0081022A /* PlanuPlanu */ = {
			isa = PBXGroup;
			children = (
				7EC24C9C14A2CC9E0081022A /* Supporting Files */,
				7E698F7D14BF96C2008B0F95 /* JSONKitDEV */,
				7E38629914BCF14600747D17 /* Images */,
				7EA504B514A564A7000B1615 /* User Interfaces */,
				7EC24CA714A2CC9E0081022A /* PlanuPlanuAppDelegate.h */,
				7EC24CA814A2CC9E0081022A /* PlanuPlanuAppDelegate.m */,
				7EC24CD214A2D2EF0081022A /* NSAttributedString+Hyperlink.h */,
				7EC24CD314A2D2EF0081022A /* NSAttributedString+Hyperlink.m */,
				7EC24CD514A2D5E50081022A /* PlanuMenuController.h */,
				7EC24CD614A2D5E60081022A /* PlanuMenuController.m */,
				7E97ED2D14A3D5E200FD46DD /* AccountModel.xcdatamodeld */,
				7E97ED3114A3D84100FD46DD /* Preferences.plist */,
				7E97ED3714A3DEE600FD46DD /* AGKeychain.h */,
				7E97ED3814A3DEE600FD46DD /* AGKeychain.m */,
				7E97ED3D14A3EDD700FD46DD /* Preferences.h */,
				7E3862A414BCF4E400747D17 /* MuxCellView.h */,
				7E3862A514BCF4E400747D17 /* MuxCellView.m */,
				7E8644C214A5A8C50002986F /* StarMapView.h */,
				7E8644C314A5A8C50002986F /* StarMapView.m */,
				7EF364F114AE9CBF009BBE86 /* NuHull+Sorting.h */,
				7EF364F214AE9CBF009BBE86 /* NuHull+Sorting.m */,
				7EF364FC14AFC781009BBE86 /* ScanRangeVisibilityView.h */,
				7EF364FD14AFC782009BBE86 /* ScanRangeVisibilityView.m */,
				7E09C53F14C7B93400CE7E9F /* TurnWarning.h */,
				7E09C54014C7B93400CE7E9F /* TurnWarning.m */,
				7ECC437B14B00E220083591C /* ColorSchemes.plist */,
				7ECC437D14B016920083591C /* NuColorScheme.h */,
				7ECC437E14B016920083591C /* NuColorScheme.m */,
				7ECC438014B020FA0083591C /* NSColor+Serialize.h */,
				7ECC438114B020FA0083591C /* NSColor+Serialize.m */,
				7E698F8214BFDDDF008B0F95 /* MessageList.h */,
				7E698F8314BFDDDF008B0F95 /* MessageList.m */,
				7E86FDC514C4D5AC0062C0C2 /* NuShip+WeaponDisplay.h */,
				7E86FDC614C4D5AC0062C0C2 /* NuShip+WeaponDisplay.m */,
				7E2C05E814FEE9ED00A51D5F /* NuScore+DeltaDisplay.h */,
				7E2C05E914FEE9ED00A51D5F /* NuScore+DeltaDisplay.m */,
			);
			path = PlanuPlanu;
			sourceTree = "<group>";
		};
		7EC24C9C14A2CC9E0081022A /* Supporting Files */ = {
			isa = PBXGroup;
			children = (
				7EC24C9D14A2CC9E0081022A /* PlanuPlanu-Info.plist */,
				7EC24C9E14A2CC9E0081022A /* InfoPlist.strings */,
				7EC24CA114A2CC9E0081022A /* main.m */,
				7EC24CA314A2CC9E0081022A /* PlanuPlanu-Prefix.pch */,
				7EC24CA414A2CC9E0081022A /* Credits.rtf */,
				7EE6F74114FA8F39004F4249 /* NOTICE */,
			);
			name = "Supporting Files";
			sourceTree = "<group>";
		};
		7EC24CB814A2CC9F0081022A /* PlanuPlanuTests */ = {
			isa = PBXGroup;
			children = (
				7EC24CBE14A2CC9F0081022A /* PlanuPlanuTests.h */,
				7EC24CC014A2CC9F0081022A /* PlanuPlanuTests.m */,
				7EC24CB914A2CC9F0081022A /* Supporting Files */,
				7EC24CDB14A2E97E0081022A /* LoginRequestTest.h */,
				7EC24CDC14A2E97E0081022A /* LoginRequestTest.m */,
				7E4BFB1A14A5337C00E29659 /* GameListRequestTest.h */,
				7E4BFB1B14A5337C00E29659 /* GameListRequestTest.m */,
				7EA504AB14A5490B000B1615 /* TurnRequestTest.h */,
				7EA504AC14A5490B000B1615 /* TurnRequestTest.m */,
				7EB9CC0A14AAEDC500A6ECB3 /* ShipDatabaseTest.h */,
				7EB9CC0B14AAEDC500A6ECB3 /* ShipDatabaseTest.m */,
			);
			path = PlanuPlanuTests;
			sourceTree = "<group>";
		};
		7EC24CB914A2CC9F0081022A /* Supporting Files */ = {
			isa = PBXGroup;
			children = (
				7EC24CBA14A2CC9F0081022A /* PlanuPlanuTests-Info.plist */,
				7EC24CBB14A2CC9F0081022A /* InfoPlist.strings */,
			);
			name = "Supporting Files";
			sourceTree = "<group>";
		};
		7EE440F114C36942006745D7 /* Window Controllers */ = {
			isa = PBXGroup;
			children = (
				7EC24CCF14A2D2070081022A /* AccountWindowController.h */,
				7EC24CD014A2D2070081022A /* AccountWindowController.m */,
				7E97ED3A14A3ED4900FD46DD /* CaptainDashboardController.h */,
				7E97ED3B14A3ED4900FD46DD /* CaptainDashboardController.m */,
				7EE440EE14C3693A006745D7 /* FleetManifestWindowController.h */,
				7EE440EF14C3693A006745D7 /* FleetManifestWindowController.m */,
				7E698F7814BF601A008B0F95 /* MessagesWindowController.h */,
				7E698F7914BF601A008B0F95 /* MessagesWindowController.m */,
				7EF364EE14AE4F16009BBE86 /* ShipDatabaseWindowController.h */,
				7EF364EF14AE4F16009BBE86 /* ShipDatabaseWindowController.m */,
				7E8644BF14A57F5B0002986F /* StarMapController.h */,
				7E2908CE14ABC66A00B11972 /* StarMapController.m */,
				7E20647C14C54D9100E7A484 /* TurnWarningWindowController.h */,
				7E20647D14C54D9100E7A484 /* TurnWarningWindowController.m */,
				7E9930E314DE2E4E00A463EE /* TurnScorePanelController.h */,
				7E9930E414DE2E4E00A463EE /* TurnScorePanelController.m */,
			);
			name = "Window Controllers";
			sourceTree = "<group>";
		};
/* End PBXGroup section */

/* Begin PBXNativeTarget section */
		7EC24C9014A2CC9E0081022A /* PlanuPlanu */ = {
			isa = PBXNativeTarget;
			buildConfigurationList = 7EC24CC414A2CC9F0081022A /* Build configuration list for PBXNativeTarget "PlanuPlanu" */;
			buildPhases = (
				7EC24C8D14A2CC9E0081022A /* Sources */,
				7EC24C8E14A2CC9E0081022A /* Frameworks */,
				7EC24C8F14A2CC9E0081022A /* Resources */,
				7E2908D814AD548200B11972 /* CopyFiles */,
			);
			buildRules = (
			);
			dependencies = (
				7E9930F414DE307B00A463EE /* PBXTargetDependency */,
				7E6995C614BD0BBF007FDFD3 /* PBXTargetDependency */,
			);
			name = PlanuPlanu;
			productName = PlanuPlanu;
			productReference = 7EC24C9114A2CC9E0081022A /* PlanuPlanu.app */;
			productType = "com.apple.product-type.application";
		};
		7EC24CB114A2CC9F0081022A /* PlanuPlanuTests */ = {
			isa = PBXNativeTarget;
			buildConfigurationList = 7EC24CC714A2CC9F0081022A /* Build configuration list for PBXNativeTarget "PlanuPlanuTests" */;
			buildPhases = (
				7EC24CAD14A2CC9F0081022A /* Sources */,
				7EC24CAE14A2CC9F0081022A /* Frameworks */,
				7EC24CAF14A2CC9F0081022A /* Resources */,
				7EC24CB014A2CC9F0081022A /* ShellScript */,
			);
			buildRules = (
			);
			dependencies = (
				7EC24CB714A2CC9F0081022A /* PBXTargetDependency */,
			);
			name = PlanuPlanuTests;
			productName = PlanuPlanuTests;
			productReference = 7EC24CB214A2CC9F0081022A /* PlanuPlanuTests.octest */;
			productType = "com.apple.product-type.bundle";
		};
/* End PBXNativeTarget section */

/* Begin PBXProject section */
		7EC24C8814A2CC9E0081022A /* Project object */ = {
			isa = PBXProject;
			attributes = {
				LastUpgradeCheck = 0420;
				ORGANIZATIONNAME = "Roboboogie Studios";
			};
			buildConfigurationList = 7EC24C8B14A2CC9E0081022A /* Build configuration list for PBXProject "PlanuPlanu" */;
			compatibilityVersion = "Xcode 3.2";
			developmentRegion = English;
			hasScannedForEncodings = 0;
			knownRegions = (
				en,
			);
			mainGroup = 7EC24C8614A2CC9E0081022A;
			productRefGroup = 7EC24C9214A2CC9E0081022A /* Products */;
			projectDirPath = "";
			projectReferences = (
				{
					ProductGroup = 7E9930E714DE301500A463EE /* Products */;
					ProjectRef = 7E9930E614DE301500A463EE /* CorePlot.xcodeproj */;
				},
				{
					ProductGroup = 7EB9CC4B14ABB4D800A6ECB3 /* Products */;
					ProjectRef = 7EB9CC4A14ABB4D800A6ECB3 /* PlanuKit.xcodeproj */;
				},
			);
			projectRoot = "";
			targets = (
				7EC24C9014A2CC9E0081022A /* PlanuPlanu */,
				7EC24CB114A2CC9F0081022A /* PlanuPlanuTests */,
			);
		};
/* End PBXProject section */

/* Begin PBXReferenceProxy section */
		7E9930F014DE301500A463EE /* CorePlot.framework */ = {
			isa = PBXReferenceProxy;
			fileType = wrapper.framework;
			path = CorePlot.framework;
			remoteRef = 7E9930EF14DE301500A463EE /* PBXContainerItemProxy */;
			sourceTree = BUILT_PRODUCTS_DIR;
		};
		7E9930F214DE301500A463EE /* UnitTests.octest */ = {
			isa = PBXReferenceProxy;
			fileType = wrapper.cfbundle;
			path = UnitTests.octest;
			remoteRef = 7E9930F114DE301500A463EE /* PBXContainerItemProxy */;
			sourceTree = BUILT_PRODUCTS_DIR;
		};
		7EB9CC5014ABB4DA00A6ECB3 /* PlanuKit.framework */ = {
			isa = PBXReferenceProxy;
			fileType = wrapper.framework;
			path = PlanuKit.framework;
			remoteRef = 7EB9CC4F14ABB4DA00A6ECB3 /* PBXContainerItemProxy */;
			sourceTree = BUILT_PRODUCTS_DIR;
		};
		7EB9CC5214ABB4DA00A6ECB3 /* PlanuKitTests.octest */ = {
			isa = PBXReferenceProxy;
			fileType = wrapper.cfbundle;
			path = PlanuKitTests.octest;
			remoteRef = 7EB9CC5114ABB4DA00A6ECB3 /* PBXContainerItemProxy */;
			sourceTree = BUILT_PRODUCTS_DIR;
		};
/* End PBXReferenceProxy section */

/* Begin PBXResourcesBuildPhase section */
		7EC24C8F14A2CC9E0081022A /* Resources */ = {
			isa = PBXResourcesBuildPhase;
			buildActionMask = 2147483647;
			files = (
				7EC24CA014A2CC9E0081022A /* InfoPlist.strings in Resources */,
				7EC24CA614A2CC9E0081022A /* Credits.rtf in Resources */,
				7EC24CAC14A2CC9F0081022A /* MainMenu.xib in Resources */,
				7EC24CCB14A2CE380081022A /* AccountWindow.xib in Resources */,
				7E97ED3214A3D84100FD46DD /* Preferences.plist in Resources */,
				7E1518BF14A3F15B00BAB34E /* CaptainDashboard.xib in Resources */,
				7EA504B714A573A3000B1615 /* StarMap.xib in Resources */,
				7E8644D114A6D6A20002986F /* PlanetPopover.xib in Resources */,
				7EF364ED14AE3163009BBE86 /* ShipDatabaseWindow.xib in Resources */,
				7ECC437C14B00E230083591C /* ColorSchemes.plist in Resources */,
				7E38629514BBF5A800747D17 /* MapMuxPopover.xib in Resources */,
				7E38629C14BCF16200747D17 /* planet.png in Resources */,
				7E38629D14BCF16200747D17 /* ship.png in Resources */,
				7E3862A114BCF35000747D17 /* connection.png in Resources */,
				7E3862A214BCF35000747D17 /* scanvisibility.png in Resources */,
				7E3862A314BCF35000747D17 /* storm.png in Resources */,
				7ED904C414BD4F4900F189E5 /* ShipPopover.xib in Resources */,
				7E698F7C14BF6032008B0F95 /* MessagesWindow.xib in Resources */,
				7EE440F314C36973006745D7 /* FleetManifestWindow.xib in Resources */,
				7E20648014C54DB100E7A484 /* TurnWarningWindow.xib in Resources */,
				7E09C54814C8BA8D00CE7E9F /* minefields.png in Resources */,
				7E09C54A14C8BB3B00CE7E9F /* cmd.png in Resources */,
				7E9930E214DE2D8F00A463EE /* TurnScorePanel.xib in Resources */,
				7EE6F74214FA8F39004F4249 /* NOTICE in Resources */,
			);
			runOnlyForDeploymentPostprocessing = 0;
		};
		7EC24CAF14A2CC9F0081022A /* Resources */ = {
			isa = PBXResourcesBuildPhase;
			buildActionMask = 2147483647;
			files = (
				7EC24CBD14A2CC9F0081022A /* InfoPlist.strings in Resources */,
				7EC24CBF14A2CC9F0081022A /* PlanuPlanuTests.h in Resources */,
			);
			runOnlyForDeploymentPostprocessing = 0;
		};
/* End PBXResourcesBuildPhase section */

/* Begin PBXShellScriptBuildPhase section */
		7EC24CB014A2CC9F0081022A /* ShellScript */ = {
			isa = PBXShellScriptBuildPhase;
			buildActionMask = 2147483647;
			files = (
			);
			inputPaths = (
			);
			outputPaths = (
			);
			runOnlyForDeploymentPostprocessing = 0;
			shellPath = /bin/sh;
			shellScript = "# Run the unit tests in this test bundle.\n\"${SYSTEM_DEVELOPER_DIR}/Tools/RunUnitTests\"\n";
		};
/* End PBXShellScriptBuildPhase section */

/* Begin PBXSourcesBuildPhase section */
		7EC24C8D14A2CC9E0081022A /* Sources */ = {
			isa = PBXSourcesBuildPhase;
			buildActionMask = 2147483647;
			files = (
				7EC24CA214A2CC9E0081022A /* main.m in Sources */,
				7EC24CA914A2CC9E0081022A /* PlanuPlanuAppDelegate.m in Sources */,
				7EC24CD114A2D2070081022A /* AccountWindowController.m in Sources */,
				7EC24CD414A2D2EF0081022A /* NSAttributedString+Hyperlink.m in Sources */,
				7EC24CD714A2D5E60081022A /* PlanuMenuController.m in Sources */,
				7E97ED2F14A3D5E200FD46DD /* AccountModel.xcdatamodeld in Sources */,
				7E97ED3914A3DEE600FD46DD /* AGKeychain.m in Sources */,
				7E97ED3C14A3ED4900FD46DD /* CaptainDashboardController.m in Sources */,
				7E8644C414A5A8C50002986F /* StarMapView.m in Sources */,
				7E8644CE14A6D5F70002986F /* PlanetPopoverController.m in Sources */,
				7E2908CF14ABC66A00B11972 /* StarMapController.m in Sources */,
				7E2908D414ACFF9E00B11972 /* NuIonStormLayer.m in Sources */,
				7E2908D714AD299E00B11972 /* NuPlanetLayer.m in Sources */,
				7E2908DC14AD605000B11972 /* NuShipLayer.m in Sources */,
				7EF364F014AE4F16009BBE86 /* ShipDatabaseWindowController.m in Sources */,
				7EF364F314AE9CBF009BBE86 /* NuHull+Sorting.m in Sources */,
				7EF364FB14AFAE04009BBE86 /* NuPlanetaryConnectionLayer.m in Sources */,
				7EF364FE14AFC782009BBE86 /* ScanRangeVisibilityView.m in Sources */,
				7ECC437F14B016920083591C /* NuColorScheme.m in Sources */,
				7ECC438214B020FA0083591C /* NSColor+Serialize.m in Sources */,
				7E15E64014B518A500650246 /* NuMappableEntityLayer.m in Sources */,
				7E38629814BBF5CC00747D17 /* MapMuxPopoverController.m in Sources */,
				7E3862A614BCF4E400747D17 /* MuxCellView.m in Sources */,
				7ED904C814BD504100F189E5 /* ShipPopoverController.m in Sources */,
				7EFFD36D14BE8997009CA6DE /* NuMinefieldLayer.m in Sources */,
				7E698F7A14BF601A008B0F95 /* MessagesWindowController.m in Sources */,
				7E698F8414BFDDDF008B0F95 /* MessageList.m in Sources */,
				7EE440F014C3693A006745D7 /* FleetManifestWindowController.m in Sources */,
				7E86FDC714C4D5AC0062C0C2 /* NuShip+WeaponDisplay.m in Sources */,
				7E20647E14C54D9100E7A484 /* TurnWarningWindowController.m in Sources */,
				7E09C54114C7B93400CE7E9F /* TurnWarning.m in Sources */,
				7E9930E514DE2E4E00A463EE /* TurnScorePanelController.m in Sources */,
				7E2C05EA14FEE9ED00A51D5F /* NuScore+DeltaDisplay.m in Sources */,
			);
			runOnlyForDeploymentPostprocessing = 0;
		};
		7EC24CAD14A2CC9F0081022A /* Sources */ = {
			isa = PBXSourcesBuildPhase;
			buildActionMask = 2147483647;
			files = (
				7EC24CDE14A2EB950081022A /* LoginRequestTest.m in Sources */,
				7EC24CC114A2CC9F0081022A /* PlanuPlanuTests.m in Sources */,
				7E4BFB1C14A5337C00E29659 /* GameListRequestTest.m in Sources */,
				7EA504AD14A5490B000B1615 /* TurnRequestTest.m in Sources */,
				7EB9CC0C14AAEDC500A6ECB3 /* ShipDatabaseTest.m in Sources */,
			);
			runOnlyForDeploymentPostprocessing = 0;
		};
/* End PBXSourcesBuildPhase section */

/* Begin PBXTargetDependency section */
		7E6995C614BD0BBF007FDFD3 /* PBXTargetDependency */ = {
			isa = PBXTargetDependency;
			name = PlanuKit;
			targetProxy = 7E6995C514BD0BBF007FDFD3 /* PBXContainerItemProxy */;
		};
		7E9930F414DE307B00A463EE /* PBXTargetDependency */ = {
			isa = PBXTargetDependency;
			name = CorePlot;
			targetProxy = 7E9930F314DE307B00A463EE /* PBXContainerItemProxy */;
		};
		7EC24CB714A2CC9F0081022A /* PBXTargetDependency */ = {
			isa = PBXTargetDependency;
			target = 7EC24C9014A2CC9E0081022A /* PlanuPlanu */;
			targetProxy = 7EC24CB614A2CC9F0081022A /* PBXContainerItemProxy */;
		};
/* End PBXTargetDependency section */

/* Begin PBXVariantGroup section */
		7EC24C9E14A2CC9E0081022A /* InfoPlist.strings */ = {
			isa = PBXVariantGroup;
			children = (
				7EC24C9F14A2CC9E0081022A /* en */,
			);
			name = InfoPlist.strings;
			sourceTree = "<group>";
		};
		7EC24CA414A2CC9E0081022A /* Credits.rtf */ = {
			isa = PBXVariantGroup;
			children = (
				7EC24CA514A2CC9E0081022A /* en */,
			);
			name = Credits.rtf;
			sourceTree = "<group>";
		};
		7EC24CAA14A2CC9F0081022A /* MainMenu.xib */ = {
			isa = PBXVariantGroup;
			children = (
				7EC24CAB14A2CC9F0081022A /* en */,
			);
			name = MainMenu.xib;
			sourceTree = "<group>";
		};
		7EC24CBB14A2CC9F0081022A /* InfoPlist.strings */ = {
			isa = PBXVariantGroup;
			children = (
				7EC24CBC14A2CC9F0081022A /* en */,
			);
			name = InfoPlist.strings;
			sourceTree = "<group>";
		};
/* End PBXVariantGroup section */

/* Begin XCBuildConfiguration section */
		7EC24CC214A2CC9F0081022A /* Debug */ = {
			isa = XCBuildConfiguration;
			buildSettings = {
				ALWAYS_SEARCH_USER_PATHS = NO;
				ARCHS = "$(ARCHS_STANDARD_64_BIT)";
				COPY_PHASE_STRIP = NO;
				GCC_C_LANGUAGE_STANDARD = gnu99;
				GCC_DYNAMIC_NO_PIC = NO;
				GCC_ENABLE_OBJC_EXCEPTIONS = YES;
				GCC_OPTIMIZATION_LEVEL = 0;
				GCC_PREPROCESSOR_DEFINITIONS = (
					"DEBUG=1",
					"$(inherited)",
				);
				GCC_SYMBOLS_PRIVATE_EXTERN = NO;
				GCC_VERSION = com.apple.compilers.llvm.clang.1_0;
				GCC_WARN_64_TO_32_BIT_CONVERSION = YES;
				GCC_WARN_ABOUT_MISSING_PROTOTYPES = YES;
				GCC_WARN_ABOUT_RETURN_TYPE = YES;
				GCC_WARN_UNUSED_VARIABLE = YES;
				MACOSX_DEPLOYMENT_TARGET = 10.7;
				ONLY_ACTIVE_ARCH = YES;
				SDKROOT = macosx;
			};
			name = Debug;
		};
		7EC24CC314A2CC9F0081022A /* Release */ = {
			isa = XCBuildConfiguration;
			buildSettings = {
				ALWAYS_SEARCH_USER_PATHS = NO;
				ARCHS = "$(ARCHS_STANDARD_64_BIT)";
				COPY_PHASE_STRIP = YES;
				DEBUG_INFORMATION_FORMAT = "dwarf-with-dsym";
				GCC_C_LANGUAGE_STANDARD = gnu99;
				GCC_ENABLE_OBJC_EXCEPTIONS = YES;
				GCC_VERSION = com.apple.compilers.llvm.clang.1_0;
				GCC_WARN_64_TO_32_BIT_CONVERSION = YES;
				GCC_WARN_ABOUT_MISSING_PROTOTYPES = YES;
				GCC_WARN_ABOUT_RETURN_TYPE = YES;
				GCC_WARN_UNUSED_VARIABLE = YES;
				MACOSX_DEPLOYMENT_TARGET = 10.7;
				SDKROOT = macosx;
			};
			name = Release;
		};
		7EC24CC514A2CC9F0081022A /* Debug */ = {
			isa = XCBuildConfiguration;
			buildSettings = {
				ALWAYS_SEARCH_USER_PATHS = YES;
				FRAMEWORK_SEARCH_PATHS = (
					"$(SRCROOT)/core-plot/framework/**",
					"$(inherited)",
					"\"$(SRCROOT)/PlanuKit\"/**",
					"\"$(SRCROOT)/core-plot/build/Debug\"",
				);
				GCC_PRECOMPILE_PREFIX_HEADER = YES;
				GCC_PREFIX_HEADER = "PlanuPlanu/PlanuPlanu-Prefix.pch";
				HEADER_SEARCH_PATHS = (
					"$(SRCROOT)/core-plot/framework/**",
					"$(SRCROOT)/PlanuKit/**",
				);
				INFOPLIST_FILE = "PlanuPlanu/PlanuPlanu-Info.plist";
				LD_RUNPATH_SEARCH_PATHS = "@loader_path/../Frameworks";
				LIBRARY_SEARCH_PATHS = "";
				PRODUCT_NAME = "$(TARGET_NAME)";
				WRAPPER_EXTENSION = app;
			};
			name = Debug;
		};
		7EC24CC614A2CC9F0081022A /* Release */ = {
			isa = XCBuildConfiguration;
			buildSettings = {
				ALWAYS_SEARCH_USER_PATHS = YES;
				FRAMEWORK_SEARCH_PATHS = (
					"$(SRCROOT)/core-plot/framework/**",
					"$(inherited)",
					"\"$(SRCROOT)/PlanuKit\"/**",
					"\"$(SRCROOT)/core-plot/build/Debug\"",
					"\"$(SRCROOT)/../../../Library/Developer/Xcode/DerivedData/PlanuPlanu-doxfssifhcuvbjgxtaopjakwsvbs/Build/Products/Debug\"",
				);
				GCC_PRECOMPILE_PREFIX_HEADER = YES;
				GCC_PREFIX_HEADER = "PlanuPlanu/PlanuPlanu-Prefix.pch";
				HEADER_SEARCH_PATHS = (
					"$(SRCROOT)/core-plot/framework/**",
					"$(SRCROOT)/PlanuKit/**",
				);
				INFOPLIST_FILE = "PlanuPlanu/PlanuPlanu-Info.plist";
				LD_RUNPATH_SEARCH_PATHS = "@loader_path/../Frameworks";
				LIBRARY_SEARCH_PATHS = "";
				PRODUCT_NAME = "$(TARGET_NAME)";
				WRAPPER_EXTENSION = app;
			};
			name = Release;
		};
		7EC24CC814A2CC9F0081022A /* Debug */ = {
			isa = XCBuildConfiguration;
			buildSettings = {
				BUNDLE_LOADER = "$(BUILT_PRODUCTS_DIR)/PlanuPlanu.app/Contents/MacOS/PlanuPlanu";
				FRAMEWORK_SEARCH_PATHS = "$(DEVELOPER_LIBRARY_DIR)/Frameworks";
				GCC_PRECOMPILE_PREFIX_HEADER = YES;
				GCC_PREFIX_HEADER = "PlanuPlanu/PlanuPlanu-Prefix.pch";
				INFOPLIST_FILE = "PlanuPlanuTests/PlanuPlanuTests-Info.plist";
				PRODUCT_NAME = "$(TARGET_NAME)";
				TEST_HOST = "$(BUNDLE_LOADER)";
				WRAPPER_EXTENSION = octest;
			};
			name = Debug;
		};
		7EC24CC914A2CC9F0081022A /* Release */ = {
			isa = XCBuildConfiguration;
			buildSettings = {
				BUNDLE_LOADER = "$(BUILT_PRODUCTS_DIR)/PlanuPlanu.app/Contents/MacOS/PlanuPlanu";
				FRAMEWORK_SEARCH_PATHS = "$(DEVELOPER_LIBRARY_DIR)/Frameworks";
				GCC_PRECOMPILE_PREFIX_HEADER = YES;
				GCC_PREFIX_HEADER = "PlanuPlanu/PlanuPlanu-Prefix.pch";
				INFOPLIST_FILE = "PlanuPlanuTests/PlanuPlanuTests-Info.plist";
				PRODUCT_NAME = "$(TARGET_NAME)";
				TEST_HOST = "$(BUNDLE_LOADER)";
				WRAPPER_EXTENSION = octest;
			};
			name = Release;
		};
/* End XCBuildConfiguration section */

/* Begin XCConfigurationList section */
		7EC24C8B14A2CC9E0081022A /* Build configuration list for PBXProject "PlanuPlanu" */ = {
			isa = XCConfigurationList;
			buildConfigurations = (
				7EC24CC214A2CC9F0081022A /* Debug */,
				7EC24CC314A2CC9F0081022A /* Release */,
			);
			defaultConfigurationIsVisible = 0;
			defaultConfigurationName = Release;
		};
		7EC24CC414A2CC9F0081022A /* Build configuration list for PBXNativeTarget "PlanuPlanu" */ = {
			isa = XCConfigurationList;
			buildConfigurations = (
				7EC24CC514A2CC9F0081022A /* Debug */,
				7EC24CC614A2CC9F0081022A /* Release */,
			);
			defaultConfigurationIsVisible = 0;
			defaultConfigurationName = Release;
		};
		7EC24CC714A2CC9F0081022A /* Build configuration list for PBXNativeTarget "PlanuPlanuTests" */ = {
			isa = XCConfigurationList;
			buildConfigurations = (
				7EC24CC814A2CC9F0081022A /* Debug */,
				7EC24CC914A2CC9F0081022A /* Release */,
			);
			defaultConfigurationIsVisible = 0;
			defaultConfigurationName = Release;
		};
/* End XCConfigurationList section */

/* Begin XCVersionGroup section */
		7E97ED2D14A3D5E200FD46DD /* AccountModel.xcdatamodeld */ = {
			isa = XCVersionGroup;
			children = (
				7E97ED2E14A3D5E200FD46DD /* AccountModel.xcdatamodel */,
			);
			currentVersion = 7E97ED2E14A3D5E200FD46DD /* AccountModel.xcdatamodel */;
			path = AccountModel.xcdatamodeld;
			sourceTree = "<group>";
			versionGroupType = wrapper.xcdatamodel;
		};
/* End XCVersionGroup section */
	};
	rootObject = 7EC24C8814A2CC9E0081022A /* Project object */;
}
