// !$*UTF8*$!
{
	archiveVersion = 1;
	classes = {
	};
	objectVersion = 46;
	objects = {

/* Begin PBXBuildFile section */
		7E1518BF14A3F15B00BAB34E /* CaptainDashboard.xib in Resources */ = {isa = PBXBuildFile; fileRef = 7E1518BE14A3F15B00BAB34E /* CaptainDashboard.xib */; };
		7E2908CF14ABC66A00B11972 /* StarMapController.m in Sources */ = {isa = PBXBuildFile; fileRef = 7E2908CE14ABC66A00B11972 /* StarMapController.m */; };
		7E2908D414ACFF9E00B11972 /* NuIonStormView.m in Sources */ = {isa = PBXBuildFile; fileRef = 7E2908D314ACFF9D00B11972 /* NuIonStormView.m */; };
		7E2908D714AD299E00B11972 /* NuPlanetView.m in Sources */ = {isa = PBXBuildFile; fileRef = 7E2908D614AD299E00B11972 /* NuPlanetView.m */; };
		7E2908D914AD549F00B11972 /* PlanuKit.framework in CopyFiles */ = {isa = PBXBuildFile; fileRef = 7EB9CC5014ABB4DA00A6ECB3 /* PlanuKit.framework */; };
		7E2908DC14AD605000B11972 /* NuShipView.m in Sources */ = {isa = PBXBuildFile; fileRef = 7E2908DB14AD604F00B11972 /* NuShipView.m */; };
		7E4BFB1C14A5337C00E29659 /* GameListRequestTest.m in Sources */ = {isa = PBXBuildFile; fileRef = 7E4BFB1B14A5337C00E29659 /* GameListRequestTest.m */; };
		7E8644C414A5A8C50002986F /* StarMapView.m in Sources */ = {isa = PBXBuildFile; fileRef = 7E8644C314A5A8C50002986F /* StarMapView.m */; };
		7E8644CE14A6D5F70002986F /* PlanetPopoverController.m in Sources */ = {isa = PBXBuildFile; fileRef = 7E8644CC14A6D5F70002986F /* PlanetPopoverController.m */; };
		7E8644D114A6D6A20002986F /* PlanetPopover.xib in Resources */ = {isa = PBXBuildFile; fileRef = 7E8644D014A6D6A20002986F /* PlanetPopover.xib */; };
		7E97ED2F14A3D5E200FD46DD /* AccountModel.xcdatamodeld in Sources */ = {isa = PBXBuildFile; fileRef = 7E97ED2D14A3D5E200FD46DD /* AccountModel.xcdatamodeld */; };
		7E97ED3214A3D84100FD46DD /* Preferences.plist in Resources */ = {isa = PBXBuildFile; fileRef = 7E97ED3114A3D84100FD46DD /* Preferences.plist */; };
		7E97ED3914A3DEE600FD46DD /* AGKeychain.m in Sources */ = {isa = PBXBuildFile; fileRef = 7E97ED3814A3DEE600FD46DD /* AGKeychain.m */; };
		7E97ED3C14A3ED4900FD46DD /* CaptainDashboardController.m in Sources */ = {isa = PBXBuildFile; fileRef = 7E97ED3B14A3ED4900FD46DD /* CaptainDashboardController.m */; };
		7EA504AD14A5490B000B1615 /* TurnRequestTest.m in Sources */ = {isa = PBXBuildFile; fileRef = 7EA504AC14A5490B000B1615 /* TurnRequestTest.m */; };
		7EA504B714A573A3000B1615 /* StarMap.xib in Resources */ = {isa = PBXBuildFile; fileRef = 7EA504B614A573A3000B1615 /* StarMap.xib */; };
		7EB9CC0C14AAEDC500A6ECB3 /* ShipDatabaseTest.m in Sources */ = {isa = PBXBuildFile; fileRef = 7EB9CC0B14AAEDC500A6ECB3 /* ShipDatabaseTest.m */; };
		7EB9CC5314ABB57400A6ECB3 /* PlanuKit.framework in Frameworks */ = {isa = PBXBuildFile; fileRef = 7EB9CC5014ABB4DA00A6ECB3 /* PlanuKit.framework */; };
		7EC24C9614A2CC9E0081022A /* Cocoa.framework in Frameworks */ = {isa = PBXBuildFile; fileRef = 7EC24C9514A2CC9E0081022A /* Cocoa.framework */; };
		7EC24CA014A2CC9E0081022A /* InfoPlist.strings in Resources */ = {isa = PBXBuildFile; fileRef = 7EC24C9E14A2CC9E0081022A /* InfoPlist.strings */; };
		7EC24CA214A2CC9E0081022A /* main.m in Sources */ = {isa = PBXBuildFile; fileRef = 7EC24CA114A2CC9E0081022A /* main.m */; };
		7EC24CA614A2CC9E0081022A /* Credits.rtf in Resources */ = {isa = PBXBuildFile; fileRef = 7EC24CA414A2CC9E0081022A /* Credits.rtf */; };
		7EC24CA914A2CC9E0081022A /* PlanuPlanuAppDelegate.m in Sources */ = {isa = PBXBuildFile; fileRef = 7EC24CA814A2CC9E0081022A /* PlanuPlanuAppDelegate.m */; };
		7EC24CAC14A2CC9F0081022A /* MainMenu.xib in Resources */ = {isa = PBXBuildFile; fileRef = 7EC24CAA14A2CC9F0081022A /* MainMenu.xib */; };
		7EC24CB414A2CC9F0081022A /* SenTestingKit.framework in Frameworks */ = {isa = PBXBuildFile; fileRef = 7EC24CB314A2CC9F0081022A /* SenTestingKit.framework */; };
		7EC24CB514A2CC9F0081022A /* Cocoa.framework in Frameworks */ = {isa = PBXBuildFile; fileRef = 7EC24C9514A2CC9E0081022A /* Cocoa.framework */; };
		7EC24CBD14A2CC9F0081022A /* InfoPlist.strings in Resources */ = {isa = PBXBuildFile; fileRef = 7EC24CBB14A2CC9F0081022A /* InfoPlist.strings */; };
		7EC24CBF14A2CC9F0081022A /* PlanuPlanuTests.h in Resources */ = {isa = PBXBuildFile; fileRef = 7EC24CBE14A2CC9F0081022A /* PlanuPlanuTests.h */; };
		7EC24CC114A2CC9F0081022A /* PlanuPlanuTests.m in Sources */ = {isa = PBXBuildFile; fileRef = 7EC24CC014A2CC9F0081022A /* PlanuPlanuTests.m */; };
		7EC24CCB14A2CE380081022A /* AccountWindow.xib in Resources */ = {isa = PBXBuildFile; fileRef = 7EC24CCA14A2CE380081022A /* AccountWindow.xib */; };
		7EC24CD114A2D2070081022A /* AccountWindowController.m in Sources */ = {isa = PBXBuildFile; fileRef = 7EC24CD014A2D2070081022A /* AccountWindowController.m */; };
		7EC24CD414A2D2EF0081022A /* NSAttributedString+Hyperlink.m in Sources */ = {isa = PBXBuildFile; fileRef = 7EC24CD314A2D2EF0081022A /* NSAttributedString+Hyperlink.m */; };
		7EC24CD714A2D5E60081022A /* PlanuMenuController.m in Sources */ = {isa = PBXBuildFile; fileRef = 7EC24CD614A2D5E60081022A /* PlanuMenuController.m */; };
		7EC24CDE14A2EB950081022A /* LoginRequestTest.m in Sources */ = {isa = PBXBuildFile; fileRef = 7EC24CDC14A2E97E0081022A /* LoginRequestTest.m */; };
		7EF364ED14AE3163009BBE86 /* ShipDatabaseWindow.xib in Resources */ = {isa = PBXBuildFile; fileRef = 7EF364EC14AE3163009BBE86 /* ShipDatabaseWindow.xib */; };
		7EF364F014AE4F16009BBE86 /* ShipDatabaseWindowController.m in Sources */ = {isa = PBXBuildFile; fileRef = 7EF364EF14AE4F16009BBE86 /* ShipDatabaseWindowController.m */; };
		7EF364F314AE9CBF009BBE86 /* NuHull+Sorting.m in Sources */ = {isa = PBXBuildFile; fileRef = 7EF364F214AE9CBF009BBE86 /* NuHull+Sorting.m */; };
/* End PBXBuildFile section */

/* Begin PBXContainerItemProxy section */
		7EB9CC4F14ABB4DA00A6ECB3 /* PBXContainerItemProxy */ = {
			isa = PBXContainerItemProxy;
			containerPortal = 7EB9CC4A14ABB4D800A6ECB3 /* PlanuKit.xcodeproj */;
			proxyType = 2;
			remoteGlobalIDString = 7EB9CC1914ABB4D700A6ECB3;
			remoteInfo = PlanuKit;
		};
		7EB9CC5114ABB4DA00A6ECB3 /* PBXContainerItemProxy */ = {
			isa = PBXContainerItemProxy;
			containerPortal = 7EB9CC4A14ABB4D800A6ECB3 /* PlanuKit.xcodeproj */;
			proxyType = 2;
			remoteGlobalIDString = 7EB9CC3114ABB4D800A6ECB3;
			remoteInfo = PlanuKitTests;
		};
		7EC24CB614A2CC9F0081022A /* PBXContainerItemProxy */ = {
			isa = PBXContainerItemProxy;
			containerPortal = 7EC24C8814A2CC9E0081022A /* Project object */;
			proxyType = 1;
			remoteGlobalIDString = 7EC24C9014A2CC9E0081022A;
			remoteInfo = PlanuPlanu;
		};
/* End PBXContainerItemProxy section */

/* Begin PBXCopyFilesBuildPhase section */
		7E2908D814AD548200B11972 /* CopyFiles */ = {
			isa = PBXCopyFilesBuildPhase;
			buildActionMask = 2147483647;
			dstPath = "";
			dstSubfolderSpec = 10;
			files = (
				7E2908D914AD549F00B11972 /* PlanuKit.framework in CopyFiles */,
			);
			runOnlyForDeploymentPostprocessing = 0;
		};
/* End PBXCopyFilesBuildPhase section */

/* Begin PBXFileReference section */
		7E1518BE14A3F15B00BAB34E /* CaptainDashboard.xib */ = {isa = PBXFileReference; fileEncoding = 4; lastKnownFileType = file.xib; path = CaptainDashboard.xib; sourceTree = "<group>"; };
		7E2908CE14ABC66A00B11972 /* StarMapController.m */ = {isa = PBXFileReference; fileEncoding = 4; lastKnownFileType = sourcecode.c.objc; path = StarMapController.m; sourceTree = "<group>"; };
		7E2908D214ACFF9D00B11972 /* NuIonStormView.h */ = {isa = PBXFileReference; fileEncoding = 4; lastKnownFileType = sourcecode.c.h; path = NuIonStormView.h; sourceTree = "<group>"; };
		7E2908D314ACFF9D00B11972 /* NuIonStormView.m */ = {isa = PBXFileReference; fileEncoding = 4; lastKnownFileType = sourcecode.c.objc; path = NuIonStormView.m; sourceTree = "<group>"; };
		7E2908D514AD299D00B11972 /* NuPlanetView.h */ = {isa = PBXFileReference; fileEncoding = 4; lastKnownFileType = sourcecode.c.h; path = NuPlanetView.h; sourceTree = "<group>"; };
		7E2908D614AD299E00B11972 /* NuPlanetView.m */ = {isa = PBXFileReference; fileEncoding = 4; lastKnownFileType = sourcecode.c.objc; path = NuPlanetView.m; sourceTree = "<group>"; };
		7E2908DA14AD604F00B11972 /* NuShipView.h */ = {isa = PBXFileReference; fileEncoding = 4; lastKnownFileType = sourcecode.c.h; path = NuShipView.h; sourceTree = "<group>"; };
		7E2908DB14AD604F00B11972 /* NuShipView.m */ = {isa = PBXFileReference; fileEncoding = 4; lastKnownFileType = sourcecode.c.objc; path = NuShipView.m; sourceTree = "<group>"; };
		7E4BFB1A14A5337C00E29659 /* GameListRequestTest.h */ = {isa = PBXFileReference; fileEncoding = 4; lastKnownFileType = sourcecode.c.h; path = GameListRequestTest.h; sourceTree = "<group>"; };
		7E4BFB1B14A5337C00E29659 /* GameListRequestTest.m */ = {isa = PBXFileReference; fileEncoding = 4; lastKnownFileType = sourcecode.c.objc; path = GameListRequestTest.m; sourceTree = "<group>"; };
		7E8644BF14A57F5B0002986F /* StarMapController.h */ = {isa = PBXFileReference; fileEncoding = 4; lastKnownFileType = sourcecode.c.h; path = StarMapController.h; sourceTree = "<group>"; };
		7E8644C214A5A8C50002986F /* StarMapView.h */ = {isa = PBXFileReference; fileEncoding = 4; lastKnownFileType = sourcecode.c.h; path = StarMapView.h; sourceTree = "<group>"; };
		7E8644C314A5A8C50002986F /* StarMapView.m */ = {isa = PBXFileReference; fileEncoding = 4; lastKnownFileType = sourcecode.c.objc; path = StarMapView.m; sourceTree = "<group>"; };
		7E8644CB14A6D5F60002986F /* PlanetPopoverController.h */ = {isa = PBXFileReference; fileEncoding = 4; lastKnownFileType = sourcecode.c.h; path = PlanetPopoverController.h; sourceTree = "<group>"; };
		7E8644CC14A6D5F70002986F /* PlanetPopoverController.m */ = {isa = PBXFileReference; fileEncoding = 4; lastKnownFileType = sourcecode.c.objc; path = PlanetPopoverController.m; sourceTree = "<group>"; };
		7E8644D014A6D6A20002986F /* PlanetPopover.xib */ = {isa = PBXFileReference; fileEncoding = 4; lastKnownFileType = file.xib; path = PlanetPopover.xib; sourceTree = "<group>"; };
		7E97ED2E14A3D5E200FD46DD /* AccountModel.xcdatamodel */ = {isa = PBXFileReference; lastKnownFileType = wrapper.xcdatamodel; path = AccountModel.xcdatamodel; sourceTree = "<group>"; };
		7E97ED3114A3D84100FD46DD /* Preferences.plist */ = {isa = PBXFileReference; fileEncoding = 4; lastKnownFileType = text.plist.xml; path = Preferences.plist; sourceTree = "<group>"; };
		7E97ED3714A3DEE600FD46DD /* AGKeychain.h */ = {isa = PBXFileReference; fileEncoding = 4; lastKnownFileType = sourcecode.c.h; path = AGKeychain.h; sourceTree = "<group>"; };
		7E97ED3814A3DEE600FD46DD /* AGKeychain.m */ = {isa = PBXFileReference; fileEncoding = 4; lastKnownFileType = sourcecode.c.objc; path = AGKeychain.m; sourceTree = "<group>"; };
		7E97ED3A14A3ED4900FD46DD /* CaptainDashboardController.h */ = {isa = PBXFileReference; fileEncoding = 4; lastKnownFileType = sourcecode.c.h; path = CaptainDashboardController.h; sourceTree = "<group>"; };
		7E97ED3B14A3ED4900FD46DD /* CaptainDashboardController.m */ = {isa = PBXFileReference; fileEncoding = 4; lastKnownFileType = sourcecode.c.objc; path = CaptainDashboardController.m; sourceTree = "<group>"; };
		7E97ED3D14A3EDD700FD46DD /* Preferences.h */ = {isa = PBXFileReference; fileEncoding = 4; lastKnownFileType = sourcecode.c.h; path = Preferences.h; sourceTree = "<group>"; };
		7EA504AB14A5490B000B1615 /* TurnRequestTest.h */ = {isa = PBXFileReference; fileEncoding = 4; lastKnownFileType = sourcecode.c.h; path = TurnRequestTest.h; sourceTree = "<group>"; };
		7EA504AC14A5490B000B1615 /* TurnRequestTest.m */ = {isa = PBXFileReference; fileEncoding = 4; lastKnownFileType = sourcecode.c.objc; path = TurnRequestTest.m; sourceTree = "<group>"; };
		7EA504B614A573A3000B1615 /* StarMap.xib */ = {isa = PBXFileReference; fileEncoding = 4; lastKnownFileType = file.xib; path = StarMap.xib; sourceTree = "<group>"; };
		7EB9CC0A14AAEDC500A6ECB3 /* ShipDatabaseTest.h */ = {isa = PBXFileReference; fileEncoding = 4; lastKnownFileType = sourcecode.c.h; path = ShipDatabaseTest.h; sourceTree = "<group>"; };
		7EB9CC0B14AAEDC500A6ECB3 /* ShipDatabaseTest.m */ = {isa = PBXFileReference; fileEncoding = 4; lastKnownFileType = sourcecode.c.objc; path = ShipDatabaseTest.m; sourceTree = "<group>"; };
		7EB9CC4A14ABB4D800A6ECB3 /* PlanuKit.xcodeproj */ = {isa = PBXFileReference; lastKnownFileType = "wrapper.pb-project"; name = PlanuKit.xcodeproj; path = PlanuKit/PlanuKit.xcodeproj; sourceTree = "<group>"; };
		7EC24C9114A2CC9E0081022A /* PlanuPlanu.app */ = {isa = PBXFileReference; explicitFileType = wrapper.application; includeInIndex = 0; path = PlanuPlanu.app; sourceTree = BUILT_PRODUCTS_DIR; };
		7EC24C9514A2CC9E0081022A /* Cocoa.framework */ = {isa = PBXFileReference; lastKnownFileType = wrapper.framework; name = Cocoa.framework; path = System/Library/Frameworks/Cocoa.framework; sourceTree = SDKROOT; };
		7EC24C9814A2CC9E0081022A /* AppKit.framework */ = {isa = PBXFileReference; lastKnownFileType = wrapper.framework; name = AppKit.framework; path = System/Library/Frameworks/AppKit.framework; sourceTree = SDKROOT; };
		7EC24C9914A2CC9E0081022A /* CoreData.framework */ = {isa = PBXFileReference; lastKnownFileType = wrapper.framework; name = CoreData.framework; path = System/Library/Frameworks/CoreData.framework; sourceTree = SDKROOT; };
		7EC24C9A14A2CC9E0081022A /* Foundation.framework */ = {isa = PBXFileReference; lastKnownFileType = wrapper.framework; name = Foundation.framework; path = System/Library/Frameworks/Foundation.framework; sourceTree = SDKROOT; };
		7EC24C9D14A2CC9E0081022A /* PlanuPlanu-Info.plist */ = {isa = PBXFileReference; lastKnownFileType = text.plist.xml; path = "PlanuPlanu-Info.plist"; sourceTree = "<group>"; };
		7EC24C9F14A2CC9E0081022A /* en */ = {isa = PBXFileReference; lastKnownFileType = text.plist.strings; name = en; path = en.lproj/InfoPlist.strings; sourceTree = "<group>"; };
		7EC24CA114A2CC9E0081022A /* main.m */ = {isa = PBXFileReference; lastKnownFileType = sourcecode.c.objc; path = main.m; sourceTree = "<group>"; };
		7EC24CA314A2CC9E0081022A /* PlanuPlanu-Prefix.pch */ = {isa = PBXFileReference; lastKnownFileType = sourcecode.c.h; path = "PlanuPlanu-Prefix.pch"; sourceTree = "<group>"; };
		7EC24CA514A2CC9E0081022A /* en */ = {isa = PBXFileReference; lastKnownFileType = text.rtf; name = en; path = en.lproj/Credits.rtf; sourceTree = "<group>"; };
		7EC24CA714A2CC9E0081022A /* PlanuPlanuAppDelegate.h */ = {isa = PBXFileReference; lastKnownFileType = sourcecode.c.h; path = PlanuPlanuAppDelegate.h; sourceTree = "<group>"; };
		7EC24CA814A2CC9E0081022A /* PlanuPlanuAppDelegate.m */ = {isa = PBXFileReference; lastKnownFileType = sourcecode.c.objc; path = PlanuPlanuAppDelegate.m; sourceTree = "<group>"; };
		7EC24CAB14A2CC9F0081022A /* en */ = {isa = PBXFileReference; lastKnownFileType = file.xib; name = en; path = en.lproj/MainMenu.xib; sourceTree = "<group>"; };
		7EC24CB214A2CC9F0081022A /* PlanuPlanuTests.octest */ = {isa = PBXFileReference; explicitFileType = wrapper.cfbundle; includeInIndex = 0; path = PlanuPlanuTests.octest; sourceTree = BUILT_PRODUCTS_DIR; };
		7EC24CB314A2CC9F0081022A /* SenTestingKit.framework */ = {isa = PBXFileReference; lastKnownFileType = wrapper.framework; name = SenTestingKit.framework; path = Library/Frameworks/SenTestingKit.framework; sourceTree = DEVELOPER_DIR; };
		7EC24CBA14A2CC9F0081022A /* PlanuPlanuTests-Info.plist */ = {isa = PBXFileReference; lastKnownFileType = text.plist.xml; path = "PlanuPlanuTests-Info.plist"; sourceTree = "<group>"; };
		7EC24CBC14A2CC9F0081022A /* en */ = {isa = PBXFileReference; lastKnownFileType = text.plist.strings; name = en; path = en.lproj/InfoPlist.strings; sourceTree = "<group>"; };
		7EC24CBE14A2CC9F0081022A /* PlanuPlanuTests.h */ = {isa = PBXFileReference; lastKnownFileType = sourcecode.c.h; path = PlanuPlanuTests.h; sourceTree = "<group>"; };
		7EC24CC014A2CC9F0081022A /* PlanuPlanuTests.m */ = {isa = PBXFileReference; lastKnownFileType = sourcecode.c.objc; path = PlanuPlanuTests.m; sourceTree = "<group>"; };
		7EC24CCA14A2CE380081022A /* AccountWindow.xib */ = {isa = PBXFileReference; fileEncoding = 4; lastKnownFileType = file.xib; path = AccountWindow.xib; sourceTree = "<group>"; };
		7EC24CCF14A2D2070081022A /* AccountWindowController.h */ = {isa = PBXFileReference; fileEncoding = 4; lastKnownFileType = sourcecode.c.h; path = AccountWindowController.h; sourceTree = "<group>"; };
		7EC24CD014A2D2070081022A /* AccountWindowController.m */ = {isa = PBXFileReference; fileEncoding = 4; lastKnownFileType = sourcecode.c.objc; path = AccountWindowController.m; sourceTree = "<group>"; };
		7EC24CD214A2D2EF0081022A /* NSAttributedString+Hyperlink.h */ = {isa = PBXFileReference; fileEncoding = 4; lastKnownFileType = sourcecode.c.h; path = "NSAttributedString+Hyperlink.h"; sourceTree = "<group>"; };
		7EC24CD314A2D2EF0081022A /* NSAttributedString+Hyperlink.m */ = {isa = PBXFileReference; fileEncoding = 4; lastKnownFileType = sourcecode.c.objc; path = "NSAttributedString+Hyperlink.m"; sourceTree = "<group>"; };
		7EC24CD514A2D5E50081022A /* PlanuMenuController.h */ = {isa = PBXFileReference; fileEncoding = 4; lastKnownFileType = sourcecode.c.h; path = PlanuMenuController.h; sourceTree = "<group>"; };
		7EC24CD614A2D5E60081022A /* PlanuMenuController.m */ = {isa = PBXFileReference; fileEncoding = 4; lastKnownFileType = sourcecode.c.objc; path = PlanuMenuController.m; sourceTree = "<group>"; };
		7EC24CDB14A2E97E0081022A /* LoginRequestTest.h */ = {isa = PBXFileReference; fileEncoding = 4; lastKnownFileType = sourcecode.c.h; path = LoginRequestTest.h; sourceTree = "<group>"; };
		7EC24CDC14A2E97E0081022A /* LoginRequestTest.m */ = {isa = PBXFileReference; fileEncoding = 4; lastKnownFileType = sourcecode.c.objc; path = LoginRequestTest.m; sourceTree = "<group>"; };
		7EF364EC14AE3163009BBE86 /* ShipDatabaseWindow.xib */ = {isa = PBXFileReference; fileEncoding = 4; lastKnownFileType = file.xib; path = ShipDatabaseWindow.xib; sourceTree = "<group>"; };
		7EF364EE14AE4F16009BBE86 /* ShipDatabaseWindowController.h */ = {isa = PBXFileReference; fileEncoding = 4; lastKnownFileType = sourcecode.c.h; path = ShipDatabaseWindowController.h; sourceTree = "<group>"; };
		7EF364EF14AE4F16009BBE86 /* ShipDatabaseWindowController.m */ = {isa = PBXFileReference; fileEncoding = 4; lastKnownFileType = sourcecode.c.objc; path = ShipDatabaseWindowController.m; sourceTree = "<group>"; };
		7EF364F114AE9CBF009BBE86 /* NuHull+Sorting.h */ = {isa = PBXFileReference; fileEncoding = 4; lastKnownFileType = sourcecode.c.h; path = "NuHull+Sorting.h"; sourceTree = "<group>"; };
		7EF364F214AE9CBF009BBE86 /* NuHull+Sorting.m */ = {isa = PBXFileReference; fileEncoding = 4; lastKnownFileType = sourcecode.c.objc; path = "NuHull+Sorting.m"; sourceTree = "<group>"; };
/* End PBXFileReference section */

/* Begin PBXFrameworksBuildPhase section */
		7EC24C8E14A2CC9E0081022A /* Frameworks */ = {
			isa = PBXFrameworksBuildPhase;
			buildActionMask = 2147483647;
			files = (
				7EB9CC5314ABB57400A6ECB3 /* PlanuKit.framework in Frameworks */,
				7EC24C9614A2CC9E0081022A /* Cocoa.framework in Frameworks */,
			);
			runOnlyForDeploymentPostprocessing = 0;
		};
		7EC24CAE14A2CC9F0081022A /* Frameworks */ = {
			isa = PBXFrameworksBuildPhase;
			buildActionMask = 2147483647;
			files = (
				7EC24CB414A2CC9F0081022A /* SenTestingKit.framework in Frameworks */,
				7EC24CB514A2CC9F0081022A /* Cocoa.framework in Frameworks */,
			);
			runOnlyForDeploymentPostprocessing = 0;
		};
/* End PBXFrameworksBuildPhase section */

/* Begin PBXGroup section */
		7EA504B514A564A7000B1615 /* User Interfaces */ = {
			isa = PBXGroup;
			children = (
				7EC24CAA14A2CC9F0081022A /* MainMenu.xib */,
				7EC24CCA14A2CE380081022A /* AccountWindow.xib */,
				7E1518BE14A3F15B00BAB34E /* CaptainDashboard.xib */,
				7EA504B614A573A3000B1615 /* StarMap.xib */,
				7E8644D014A6D6A20002986F /* PlanetPopover.xib */,
				7EF364EC14AE3163009BBE86 /* ShipDatabaseWindow.xib */,
			);
			name = "User Interfaces";
			sourceTree = "<group>";
		};
		7EB9CC4B14ABB4D800A6ECB3 /* Products */ = {
			isa = PBXGroup;
			children = (
				7EB9CC5014ABB4DA00A6ECB3 /* PlanuKit.framework */,
				7EB9CC5214ABB4DA00A6ECB3 /* PlanuKitTests.octest */,
			);
			name = Products;
			sourceTree = "<group>";
		};
		7EC24C8614A2CC9E0081022A = {
			isa = PBXGroup;
			children = (
				7EB9CC4A14ABB4D800A6ECB3 /* PlanuKit.xcodeproj */,
				7EC24C9B14A2CC9E0081022A /* PlanuPlanu */,
				7EC24CB814A2CC9F0081022A /* PlanuPlanuTests */,
				7EC24C9414A2CC9E0081022A /* Frameworks */,
				7EC24C9214A2CC9E0081022A /* Products */,
			);
			sourceTree = "<group>";
		};
		7EC24C9214A2CC9E0081022A /* Products */ = {
			isa = PBXGroup;
			children = (
				7EC24C9114A2CC9E0081022A /* PlanuPlanu.app */,
				7EC24CB214A2CC9F0081022A /* PlanuPlanuTests.octest */,
			);
			name = Products;
			sourceTree = "<group>";
		};
		7EC24C9414A2CC9E0081022A /* Frameworks */ = {
			isa = PBXGroup;
			children = (
				7EC24C9514A2CC9E0081022A /* Cocoa.framework */,
				7EC24CB314A2CC9F0081022A /* SenTestingKit.framework */,
				7EC24C9714A2CC9E0081022A /* Other Frameworks */,
			);
			name = Frameworks;
			sourceTree = "<group>";
		};
		7EC24C9714A2CC9E0081022A /* Other Frameworks */ = {
			isa = PBXGroup;
			children = (
				7EC24C9814A2CC9E0081022A /* AppKit.framework */,
				7EC24C9914A2CC9E0081022A /* CoreData.framework */,
				7EC24C9A14A2CC9E0081022A /* Foundation.framework */,
			);
			name = "Other Frameworks";
			sourceTree = "<group>";
		};
		7EC24C9B14A2CC9E0081022A /* PlanuPlanu */ = {
			isa = PBXGroup;
			children = (
				7EA504B514A564A7000B1615 /* User Interfaces */,
				7EC24CA714A2CC9E0081022A /* PlanuPlanuAppDelegate.h */,
				7EC24CA814A2CC9E0081022A /* PlanuPlanuAppDelegate.m */,
				7EC24C9C14A2CC9E0081022A /* Supporting Files */,
				7EC24CCF14A2D2070081022A /* AccountWindowController.h */,
				7EC24CD014A2D2070081022A /* AccountWindowController.m */,
				7EC24CD214A2D2EF0081022A /* NSAttributedString+Hyperlink.h */,
				7EC24CD314A2D2EF0081022A /* NSAttributedString+Hyperlink.m */,
				7EC24CD514A2D5E50081022A /* PlanuMenuController.h */,
				7EC24CD614A2D5E60081022A /* PlanuMenuController.m */,
				7E97ED2D14A3D5E200FD46DD /* AccountModel.xcdatamodeld */,
				7E97ED3114A3D84100FD46DD /* Preferences.plist */,
				7E97ED3714A3DEE600FD46DD /* AGKeychain.h */,
				7E97ED3814A3DEE600FD46DD /* AGKeychain.m */,
				7E97ED3A14A3ED4900FD46DD /* CaptainDashboardController.h */,
				7E97ED3B14A3ED4900FD46DD /* CaptainDashboardController.m */,
				7E97ED3D14A3EDD700FD46DD /* Preferences.h */,
				7E8644BF14A57F5B0002986F /* StarMapController.h */,
				7E2908CE14ABC66A00B11972 /* StarMapController.m */,
				7E8644C214A5A8C50002986F /* StarMapView.h */,
				7E8644C314A5A8C50002986F /* StarMapView.m */,
				7E8644CB14A6D5F60002986F /* PlanetPopoverController.h */,
				7E8644CC14A6D5F70002986F /* PlanetPopoverController.m */,
				7E2908D214ACFF9D00B11972 /* NuIonStormView.h */,
				7E2908D314ACFF9D00B11972 /* NuIonStormView.m */,
				7E2908D514AD299D00B11972 /* NuPlanetView.h */,
				7E2908D614AD299E00B11972 /* NuPlanetView.m */,
				7E2908DA14AD604F00B11972 /* NuShipView.h */,
				7E2908DB14AD604F00B11972 /* NuShipView.m */,
				7EF364EE14AE4F16009BBE86 /* ShipDatabaseWindowController.h */,
				7EF364EF14AE4F16009BBE86 /* ShipDatabaseWindowController.m */,
				7EF364F114AE9CBF009BBE86 /* NuHull+Sorting.h */,
				7EF364F214AE9CBF009BBE86 /* NuHull+Sorting.m */,
			);
			path = PlanuPlanu;
			sourceTree = "<group>";
		};
		7EC24C9C14A2CC9E0081022A /* Supporting Files */ = {
			isa = PBXGroup;
			children = (
				7EC24C9D14A2CC9E0081022A /* PlanuPlanu-Info.plist */,
				7EC24C9E14A2CC9E0081022A /* InfoPlist.strings */,
				7EC24CA114A2CC9E0081022A /* main.m */,
				7EC24CA314A2CC9E0081022A /* PlanuPlanu-Prefix.pch */,
				7EC24CA414A2CC9E0081022A /* Credits.rtf */,
			);
			name = "Supporting Files";
			sourceTree = "<group>";
		};
		7EC24CB814A2CC9F0081022A /* PlanuPlanuTests */ = {
			isa = PBXGroup;
			children = (
				7EC24CBE14A2CC9F0081022A /* PlanuPlanuTests.h */,
				7EC24CC014A2CC9F0081022A /* PlanuPlanuTests.m */,
				7EC24CB914A2CC9F0081022A /* Supporting Files */,
				7EC24CDB14A2E97E0081022A /* LoginRequestTest.h */,
				7EC24CDC14A2E97E0081022A /* LoginRequestTest.m */,
				7E4BFB1A14A5337C00E29659 /* GameListRequestTest.h */,
				7E4BFB1B14A5337C00E29659 /* GameListRequestTest.m */,
				7EA504AB14A5490B000B1615 /* TurnRequestTest.h */,
				7EA504AC14A5490B000B1615 /* TurnRequestTest.m */,
				7EB9CC0A14AAEDC500A6ECB3 /* ShipDatabaseTest.h */,
				7EB9CC0B14AAEDC500A6ECB3 /* ShipDatabaseTest.m */,
			);
			path = PlanuPlanuTests;
			sourceTree = "<group>";
		};
		7EC24CB914A2CC9F0081022A /* Supporting Files */ = {
			isa = PBXGroup;
			children = (
				7EC24CBA14A2CC9F0081022A /* PlanuPlanuTests-Info.plist */,
				7EC24CBB14A2CC9F0081022A /* InfoPlist.strings */,
			);
			name = "Supporting Files";
			sourceTree = "<group>";
		};
/* End PBXGroup section */

/* Begin PBXNativeTarget section */
		7EC24C9014A2CC9E0081022A /* PlanuPlanu */ = {
			isa = PBXNativeTarget;
			buildConfigurationList = 7EC24CC414A2CC9F0081022A /* Build configuration list for PBXNativeTarget "PlanuPlanu" */;
			buildPhases = (
				7EC24C8D14A2CC9E0081022A /* Sources */,
				7EC24C8E14A2CC9E0081022A /* Frameworks */,
				7EC24C8F14A2CC9E0081022A /* Resources */,
				7E2908D814AD548200B11972 /* CopyFiles */,
			);
			buildRules = (
			);
			dependencies = (
			);
			name = PlanuPlanu;
			productName = PlanuPlanu;
			productReference = 7EC24C9114A2CC9E0081022A /* PlanuPlanu.app */;
			productType = "com.apple.product-type.application";
		};
		7EC24CB114A2CC9F0081022A /* PlanuPlanuTests */ = {
			isa = PBXNativeTarget;
			buildConfigurationList = 7EC24CC714A2CC9F0081022A /* Build configuration list for PBXNativeTarget "PlanuPlanuTests" */;
			buildPhases = (
				7EC24CAD14A2CC9F0081022A /* Sources */,
				7EC24CAE14A2CC9F0081022A /* Frameworks */,
				7EC24CAF14A2CC9F0081022A /* Resources */,
				7EC24CB014A2CC9F0081022A /* ShellScript */,
			);
			buildRules = (
			);
			dependencies = (
				7EC24CB714A2CC9F0081022A /* PBXTargetDependency */,
			);
			name = PlanuPlanuTests;
			productName = PlanuPlanuTests;
			productReference = 7EC24CB214A2CC9F0081022A /* PlanuPlanuTests.octest */;
			productType = "com.apple.product-type.bundle";
		};
/* End PBXNativeTarget section */

/* Begin PBXProject section */
		7EC24C8814A2CC9E0081022A /* Project object */ = {
			isa = PBXProject;
			attributes = {
				ORGANIZATIONNAME = "Roboboogie Studios";
			};
			buildConfigurationList = 7EC24C8B14A2CC9E0081022A /* Build configuration list for PBXProject "PlanuPlanu" */;
			compatibilityVersion = "Xcode 3.2";
			developmentRegion = English;
			hasScannedForEncodings = 0;
			knownRegions = (
				en,
			);
			mainGroup = 7EC24C8614A2CC9E0081022A;
			productRefGroup = 7EC24C9214A2CC9E0081022A /* Products */;
			projectDirPath = "";
			projectReferences = (
				{
					ProductGroup = 7EB9CC4B14ABB4D800A6ECB3 /* Products */;
					ProjectRef = 7EB9CC4A14ABB4D800A6ECB3 /* PlanuKit.xcodeproj */;
				},
			);
			projectRoot = "";
			targets = (
				7EC24C9014A2CC9E0081022A /* PlanuPlanu */,
				7EC24CB114A2CC9F0081022A /* PlanuPlanuTests */,
			);
		};
/* End PBXProject section */

/* Begin PBXReferenceProxy section */
		7EB9CC5014ABB4DA00A6ECB3 /* PlanuKit.framework */ = {
			isa = PBXReferenceProxy;
			fileType = wrapper.framework;
			path = PlanuKit.framework;
			remoteRef = 7EB9CC4F14ABB4DA00A6ECB3 /* PBXContainerItemProxy */;
			sourceTree = BUILT_PRODUCTS_DIR;
		};
		7EB9CC5214ABB4DA00A6ECB3 /* PlanuKitTests.octest */ = {
			isa = PBXReferenceProxy;
			fileType = wrapper.cfbundle;
			path = PlanuKitTests.octest;
			remoteRef = 7EB9CC5114ABB4DA00A6ECB3 /* PBXContainerItemProxy */;
			sourceTree = BUILT_PRODUCTS_DIR;
		};
/* End PBXReferenceProxy section */

/* Begin PBXResourcesBuildPhase section */
		7EC24C8F14A2CC9E0081022A /* Resources */ = {
			isa = PBXResourcesBuildPhase;
			buildActionMask = 2147483647;
			files = (
				7EC24CA014A2CC9E0081022A /* InfoPlist.strings in Resources */,
				7EC24CA614A2CC9E0081022A /* Credits.rtf in Resources */,
				7EC24CAC14A2CC9F0081022A /* MainMenu.xib in Resources */,
				7EC24CCB14A2CE380081022A /* AccountWindow.xib in Resources */,
				7E97ED3214A3D84100FD46DD /* Preferences.plist in Resources */,
				7E1518BF14A3F15B00BAB34E /* CaptainDashboard.xib in Resources */,
				7EA504B714A573A3000B1615 /* StarMap.xib in Resources */,
				7E8644D114A6D6A20002986F /* PlanetPopover.xib in Resources */,
				7EF364ED14AE3163009BBE86 /* ShipDatabaseWindow.xib in Resources */,
			);
			runOnlyForDeploymentPostprocessing = 0;
		};
		7EC24CAF14A2CC9F0081022A /* Resources */ = {
			isa = PBXResourcesBuildPhase;
			buildActionMask = 2147483647;
			files = (
				7EC24CBD14A2CC9F0081022A /* InfoPlist.strings in Resources */,
				7EC24CBF14A2CC9F0081022A /* PlanuPlanuTests.h in Resources */,
			);
			runOnlyForDeploymentPostprocessing = 0;
		};
/* End PBXResourcesBuildPhase section */

/* Begin PBXShellScriptBuildPhase section */
		7EC24CB014A2CC9F0081022A /* ShellScript */ = {
			isa = PBXShellScriptBuildPhase;
			buildActionMask = 2147483647;
			files = (
			);
			inputPaths = (
			);
			outputPaths = (
			);
			runOnlyForDeploymentPostprocessing = 0;
			shellPath = /bin/sh;
			shellScript = "# Run the unit tests in this test bundle.\n\"${SYSTEM_DEVELOPER_DIR}/Tools/RunUnitTests\"\n";
		};
/* End PBXShellScriptBuildPhase section */

/* Begin PBXSourcesBuildPhase section */
		7EC24C8D14A2CC9E0081022A /* Sources */ = {
			isa = PBXSourcesBuildPhase;
			buildActionMask = 2147483647;
			files = (
				7EC24CA214A2CC9E0081022A /* main.m in Sources */,
				7EC24CA914A2CC9E0081022A /* PlanuPlanuAppDelegate.m in Sources */,
				7EC24CD114A2D2070081022A /* AccountWindowController.m in Sources */,
				7EC24CD414A2D2EF0081022A /* NSAttributedString+Hyperlink.m in Sources */,
				7EC24CD714A2D5E60081022A /* PlanuMenuController.m in Sources */,
				7E97ED2F14A3D5E200FD46DD /* AccountModel.xcdatamodeld in Sources */,
				7E97ED3914A3DEE600FD46DD /* AGKeychain.m in Sources */,
				7E97ED3C14A3ED4900FD46DD /* CaptainDashboardController.m in Sources */,
				7E8644C414A5A8C50002986F /* StarMapView.m in Sources */,
				7E8644CE14A6D5F70002986F /* PlanetPopoverController.m in Sources */,
				7E2908CF14ABC66A00B11972 /* StarMapController.m in Sources */,
				7E2908D414ACFF9E00B11972 /* NuIonStormView.m in Sources */,
				7E2908D714AD299E00B11972 /* NuPlanetView.m in Sources */,
				7E2908DC14AD605000B11972 /* NuShipView.m in Sources */,
				7EF364F014AE4F16009BBE86 /* ShipDatabaseWindowController.m in Sources */,
				7EF364F314AE9CBF009BBE86 /* NuHull+Sorting.m in Sources */,
			);
			runOnlyForDeploymentPostprocessing = 0;
		};
		7EC24CAD14A2CC9F0081022A /* Sources */ = {
			isa = PBXSourcesBuildPhase;
			buildActionMask = 2147483647;
			files = (
				7EC24CDE14A2EB950081022A /* LoginRequestTest.m in Sources */,
				7EC24CC114A2CC9F0081022A /* PlanuPlanuTests.m in Sources */,
				7E4BFB1C14A5337C00E29659 /* GameListRequestTest.m in Sources */,
				7EA504AD14A5490B000B1615 /* TurnRequestTest.m in Sources */,
				7EB9CC0C14AAEDC500A6ECB3 /* ShipDatabaseTest.m in Sources */,
			);
			runOnlyForDeploymentPostprocessing = 0;
		};
/* End PBXSourcesBuildPhase section */

/* Begin PBXTargetDependency section */
		7EC24CB714A2CC9F0081022A /* PBXTargetDependency */ = {
			isa = PBXTargetDependency;
			target = 7EC24C9014A2CC9E0081022A /* PlanuPlanu */;
			targetProxy = 7EC24CB614A2CC9F0081022A /* PBXContainerItemProxy */;
		};
/* End PBXTargetDependency section */

/* Begin PBXVariantGroup section */
		7EC24C9E14A2CC9E0081022A /* InfoPlist.strings */ = {
			isa = PBXVariantGroup;
			children = (
				7EC24C9F14A2CC9E0081022A /* en */,
			);
			name = InfoPlist.strings;
			sourceTree = "<group>";
		};
		7EC24CA414A2CC9E0081022A /* Credits.rtf */ = {
			isa = PBXVariantGroup;
			children = (
				7EC24CA514A2CC9E0081022A /* en */,
			);
			name = Credits.rtf;
			sourceTree = "<group>";
		};
		7EC24CAA14A2CC9F0081022A /* MainMenu.xib */ = {
			isa = PBXVariantGroup;
			children = (
				7EC24CAB14A2CC9F0081022A /* en */,
			);
			name = MainMenu.xib;
			sourceTree = "<group>";
		};
		7EC24CBB14A2CC9F0081022A /* InfoPlist.strings */ = {
			isa = PBXVariantGroup;
			children = (
				7EC24CBC14A2CC9F0081022A /* en */,
			);
			name = InfoPlist.strings;
			sourceTree = "<group>";
		};
/* End PBXVariantGroup section */

/* Begin XCBuildConfiguration section */
		7EC24CC214A2CC9F0081022A /* Debug */ = {
			isa = XCBuildConfiguration;
			buildSettings = {
				ALWAYS_SEARCH_USER_PATHS = NO;
				ARCHS = "$(ARCHS_STANDARD_64_BIT)";
				COPY_PHASE_STRIP = NO;
				GCC_C_LANGUAGE_STANDARD = gnu99;
				GCC_DYNAMIC_NO_PIC = NO;
				GCC_ENABLE_OBJC_EXCEPTIONS = YES;
				GCC_OPTIMIZATION_LEVEL = 0;
				GCC_PREPROCESSOR_DEFINITIONS = (
					"DEBUG=1",
					"$(inherited)",
				);
				GCC_SYMBOLS_PRIVATE_EXTERN = NO;
				GCC_VERSION = com.apple.compilers.llvm.clang.1_0;
				GCC_WARN_64_TO_32_BIT_CONVERSION = YES;
				GCC_WARN_ABOUT_MISSING_PROTOTYPES = YES;
				GCC_WARN_ABOUT_RETURN_TYPE = YES;
				GCC_WARN_UNUSED_VARIABLE = YES;
				MACOSX_DEPLOYMENT_TARGET = 10.7;
				ONLY_ACTIVE_ARCH = YES;
				SDKROOT = macosx;
			};
			name = Debug;
		};
		7EC24CC314A2CC9F0081022A /* Release */ = {
			isa = XCBuildConfiguration;
			buildSettings = {
				ALWAYS_SEARCH_USER_PATHS = NO;
				ARCHS = "$(ARCHS_STANDARD_64_BIT)";
				COPY_PHASE_STRIP = YES;
				DEBUG_INFORMATION_FORMAT = "dwarf-with-dsym";
				GCC_C_LANGUAGE_STANDARD = gnu99;
				GCC_ENABLE_OBJC_EXCEPTIONS = YES;
				GCC_VERSION = com.apple.compilers.llvm.clang.1_0;
				GCC_WARN_64_TO_32_BIT_CONVERSION = YES;
				GCC_WARN_ABOUT_MISSING_PROTOTYPES = YES;
				GCC_WARN_ABOUT_RETURN_TYPE = YES;
				GCC_WARN_UNUSED_VARIABLE = YES;
				MACOSX_DEPLOYMENT_TARGET = 10.7;
				SDKROOT = macosx;
			};
			name = Release;
		};
		7EC24CC514A2CC9F0081022A /* Debug */ = {
			isa = XCBuildConfiguration;
			buildSettings = {
				FRAMEWORK_SEARCH_PATHS = "";
				GCC_PRECOMPILE_PREFIX_HEADER = YES;
				GCC_PREFIX_HEADER = "PlanuPlanu/PlanuPlanu-Prefix.pch";
				HEADER_SEARCH_PATHS = "";
				INFOPLIST_FILE = "PlanuPlanu/PlanuPlanu-Info.plist";
				LIBRARY_SEARCH_PATHS = "";
				PRODUCT_NAME = "$(TARGET_NAME)";
				WRAPPER_EXTENSION = app;
			};
			name = Debug;
		};
		7EC24CC614A2CC9F0081022A /* Release */ = {
			isa = XCBuildConfiguration;
			buildSettings = {
				FRAMEWORK_SEARCH_PATHS = "";
				GCC_PRECOMPILE_PREFIX_HEADER = YES;
				GCC_PREFIX_HEADER = "PlanuPlanu/PlanuPlanu-Prefix.pch";
				HEADER_SEARCH_PATHS = "";
				INFOPLIST_FILE = "PlanuPlanu/PlanuPlanu-Info.plist";
				LIBRARY_SEARCH_PATHS = "";
				PRODUCT_NAME = "$(TARGET_NAME)";
				WRAPPER_EXTENSION = app;
			};
			name = Release;
		};
		7EC24CC814A2CC9F0081022A /* Debug */ = {
			isa = XCBuildConfiguration;
			buildSettings = {
				BUNDLE_LOADER = "$(BUILT_PRODUCTS_DIR)/PlanuPlanu.app/Contents/MacOS/PlanuPlanu";
				FRAMEWORK_SEARCH_PATHS = "$(DEVELOPER_LIBRARY_DIR)/Frameworks";
				GCC_PRECOMPILE_PREFIX_HEADER = YES;
				GCC_PREFIX_HEADER = "PlanuPlanu/PlanuPlanu-Prefix.pch";
				INFOPLIST_FILE = "PlanuPlanuTests/PlanuPlanuTests-Info.plist";
				PRODUCT_NAME = "$(TARGET_NAME)";
				TEST_HOST = "$(BUNDLE_LOADER)";
				WRAPPER_EXTENSION = octest;
			};
			name = Debug;
		};
		7EC24CC914A2CC9F0081022A /* Release */ = {
			isa = XCBuildConfiguration;
			buildSettings = {
				BUNDLE_LOADER = "$(BUILT_PRODUCTS_DIR)/PlanuPlanu.app/Contents/MacOS/PlanuPlanu";
				FRAMEWORK_SEARCH_PATHS = "$(DEVELOPER_LIBRARY_DIR)/Frameworks";
				GCC_PRECOMPILE_PREFIX_HEADER = YES;
				GCC_PREFIX_HEADER = "PlanuPlanu/PlanuPlanu-Prefix.pch";
				INFOPLIST_FILE = "PlanuPlanuTests/PlanuPlanuTests-Info.plist";
				PRODUCT_NAME = "$(TARGET_NAME)";
				TEST_HOST = "$(BUNDLE_LOADER)";
				WRAPPER_EXTENSION = octest;
			};
			name = Release;
		};
/* End XCBuildConfiguration section */

/* Begin XCConfigurationList section */
		7EC24C8B14A2CC9E0081022A /* Build configuration list for PBXProject "PlanuPlanu" */ = {
			isa = XCConfigurationList;
			buildConfigurations = (
				7EC24CC214A2CC9F0081022A /* Debug */,
				7EC24CC314A2CC9F0081022A /* Release */,
			);
			defaultConfigurationIsVisible = 0;
			defaultConfigurationName = Release;
		};
		7EC24CC414A2CC9F0081022A /* Build configuration list for PBXNativeTarget "PlanuPlanu" */ = {
			isa = XCConfigurationList;
			buildConfigurations = (
				7EC24CC514A2CC9F0081022A /* Debug */,
				7EC24CC614A2CC9F0081022A /* Release */,
			);
			defaultConfigurationIsVisible = 0;
			defaultConfigurationName = Release;
		};
		7EC24CC714A2CC9F0081022A /* Build configuration list for PBXNativeTarget "PlanuPlanuTests" */ = {
			isa = XCConfigurationList;
			buildConfigurations = (
				7EC24CC814A2CC9F0081022A /* Debug */,
				7EC24CC914A2CC9F0081022A /* Release */,
			);
			defaultConfigurationIsVisible = 0;
			defaultConfigurationName = Release;
		};
/* End XCConfigurationList section */

/* Begin XCVersionGroup section */
		7E97ED2D14A3D5E200FD46DD /* AccountModel.xcdatamodeld */ = {
			isa = XCVersionGroup;
			children = (
				7E97ED2E14A3D5E200FD46DD /* AccountModel.xcdatamodel */,
			);
			currentVersion = 7E97ED2E14A3D5E200FD46DD /* AccountModel.xcdatamodel */;
			path = AccountModel.xcdatamodeld;
			sourceTree = "<group>";
			versionGroupType = wrapper.xcdatamodel;
		};
/* End XCVersionGroup section */
	};
	rootObject = 7EC24C8814A2CC9E0081022A /* Project object */;
}
